
Microsoft Visual Studio Solution File, Format Version 12.00
# Visual Studio 14
VisualStudioVersion = 14.0.24720.0
MinimumVisualStudioVersion = 10.0.40219.1
Project("{2150E333-8FDC-42A3-9474-1A3956D46DE8}") = ".files", ".files", "{9F13A82A-0A67-4BA9-A2DE-6560A62FDCE1}"
EndProject
Project("{FAE04EC0-301F-11D3-BF4B-00C04F79EFBC}") = "InfinniPlatform.Core", "InfinniPlatform.Core\InfinniPlatform.Core.csproj", "{EBC684B7-B72A-475F-BBC1-B6293B607B9B}"
EndProject
Project("{FAE04EC0-301F-11D3-BF4B-00C04F79EFBC}") = "InfinniPlatform.MessageQueue", "InfinniPlatform.MessageQueue\InfinniPlatform.MessageQueue.csproj", "{E14CCE42-2563-4C36-919F-B389FF87EA65}"
EndProject
Project("{FAE04EC0-301F-11D3-BF4B-00C04F79EFBC}") = "InfinniPlatform.Api", "InfinniPlatform.Api\InfinniPlatform.Api.csproj", "{7CA0F96C-7FF4-44B2-9D44-851984DF4532}"
EndProject
Project("{FAE04EC0-301F-11D3-BF4B-00C04F79EFBC}") = "InfinniPlatform.Index.ElasticSearch", "InfinniPlatform.Index.ElasticSearch\InfinniPlatform.Index.ElasticSearch.csproj", "{2B2F3FA6-F434-4FCF-A4C7-323FFC602F0C}"
	ProjectSection(ProjectDependencies) = postProject
		{86AB4502-9B73-43B5-8A20-F01AADE0EDA4} = {86AB4502-9B73-43B5-8A20-F01AADE0EDA4}
	EndProjectSection
EndProject
Project("{FAE04EC0-301F-11D3-BF4B-00C04F79EFBC}") = "InfinniPlatform.Index.QueryLanguage", "InfinniPlatform.Index.QueryLanguage\InfinniPlatform.Index.QueryLanguage.csproj", "{25CCB048-C239-4A2D-8090-39AE34514884}"
EndProject
Project("{FAE04EC0-301F-11D3-BF4B-00C04F79EFBC}") = "InfinniPlatform.Hosting", "InfinniPlatform.Hosting\InfinniPlatform.Hosting.csproj", "{D6FBC1D7-48E7-4819-8C8B-DD7FA398D2CC}"
EndProject
Project("{FAE04EC0-301F-11D3-BF4B-00C04F79EFBC}") = "InfinniPlatform.Runtime", "InfinniPlatform.Runtime\InfinniPlatform.Runtime.csproj", "{CDF22217-5452-4D4C-8F00-9601FD367050}"
EndProject
Project("{FAE04EC0-301F-11D3-BF4B-00C04F79EFBC}") = "InfinniPlatform.Metadata", "InfinniPlatform.Metadata\InfinniPlatform.Metadata.csproj", "{F1239C4B-CA5F-4B5E-83AC-DA686E81030F}"
EndProject
Project("{FAE04EC0-301F-11D3-BF4B-00C04F79EFBC}") = "InfinniPlatform.Sql", "InfinniPlatform.Sql\InfinniPlatform.Sql.csproj", "{9285B46C-C4A6-4FB1-9471-3C0E2BE8EA22}"
EndProject
Project("{FAE04EC0-301F-11D3-BF4B-00C04F79EFBC}") = "InfinniPlatform.ModelRepository", "InfinniPlatform.ModelRepository\InfinniPlatform.ModelRepository.csproj", "{AFB709E2-71C1-4712-AA8D-4A9621939279}"
EndProject
Project("{FAE04EC0-301F-11D3-BF4B-00C04F79EFBC}") = "InfinniPlatform.Api.Tests", "InfinniPlatform.Api.Tests\InfinniPlatform.Api.Tests.csproj", "{A8285E35-48F8-45CC-961C-282678230221}"
EndProject
Project("{FAE04EC0-301F-11D3-BF4B-00C04F79EFBC}") = "InfinniPlatform.Core.Tests", "InfinniPlatform.Core.Tests\InfinniPlatform.Core.Tests.csproj", "{C4ECB85D-AD08-45D3-9FDF-F0FE9A797644}"
EndProject
Project("{FAE04EC0-301F-11D3-BF4B-00C04F79EFBC}") = "InfinniPlatform.Sql.Tests", "InfinniPlatform.Sql.Tests\InfinniPlatform.Sql.Tests.csproj", "{6A39EA44-58CA-4536-8AD1-58DA2C081E46}"
EndProject
Project("{FAE04EC0-301F-11D3-BF4B-00C04F79EFBC}") = "InfinniPlatform.Hosting.Tests", "InfinniPlatform.Hosting.Tests\InfinniPlatform.Hosting.Tests.csproj", "{5AAAF1B1-B28F-44AC-8CA2-8F475DF3B898}"
EndProject
Project("{FAE04EC0-301F-11D3-BF4B-00C04F79EFBC}") = "InfinniPlatform.Index.ElasticSearch.Tests", "InfinniPlatform.Index.ElasticSearch.Tests\InfinniPlatform.Index.ElasticSearch.Tests.csproj", "{A45E33C7-6DD7-471E-8870-FBC881C83733}"
EndProject
Project("{FAE04EC0-301F-11D3-BF4B-00C04F79EFBC}") = "InfinniPlatform.Index.QueryLanguage.Tests", "InfinniPlatform.Index.QueryLanguage.Tests\InfinniPlatform.Index.QueryLanguage.Tests.csproj", "{50DEADF6-50F4-4D61-80B1-A156DE88FD14}"
EndProject
Project("{FAE04EC0-301F-11D3-BF4B-00C04F79EFBC}") = "InfinniPlatform.MessageQueue.Tests", "InfinniPlatform.MessageQueue.Tests\InfinniPlatform.MessageQueue.Tests.csproj", "{21B5752E-D14B-45FF-B13E-9F435B9283AF}"
EndProject
Project("{FAE04EC0-301F-11D3-BF4B-00C04F79EFBC}") = "InfinniPlatform.Metadata.Tests", "InfinniPlatform.Metadata.Tests\InfinniPlatform.Metadata.Tests.csproj", "{DE2CAF87-C133-4C6A-BFBF-BCBA4D1B8130}"
EndProject
Project("{FAE04EC0-301F-11D3-BF4B-00C04F79EFBC}") = "InfinniPlatform.Runtime.Tests", "InfinniPlatform.Runtime.Tests\InfinniPlatform.Runtime.Tests.csproj", "{CE124B51-0426-4DB0-9A88-DE4E6C232245}"
EndProject
Project("{FAE04EC0-301F-11D3-BF4B-00C04F79EFBC}") = "InfinniPlatform.Tests", "InfinniPlatform.Tests\InfinniPlatform.Tests.csproj", "{A46F638C-C9C5-49BE-BC8D-8144E8C8F87A}"
	ProjectSection(ProjectDependencies) = postProject
		{86AB4502-9B73-43B5-8A20-F01AADE0EDA4} = {86AB4502-9B73-43B5-8A20-F01AADE0EDA4}
	EndProjectSection
EndProject
Project("{FAE04EC0-301F-11D3-BF4B-00C04F79EFBC}") = "InfinniPlatform.ServiceHost", "InfinniPlatform.ServiceHost\InfinniPlatform.ServiceHost.csproj", "{EE5AD8E7-4D3E-462D-AF0B-38430185396F}"
EndProject
Project("{2150E333-8FDC-42A3-9474-1A3956D46DE8}") = "Libraries", "Libraries", "{76075218-7249-4C01-A184-35E066952A8F}"
EndProject
Project("{FAE04EC0-301F-11D3-BF4B-00C04F79EFBC}") = "InfinniPlatform.Cassandra", "InfinniPlatform.Cassandra\InfinniPlatform.Cassandra.csproj", "{EC8E01A2-76C8-453A-B957-F83265778971}"
EndProject
Project("{FAE04EC0-301F-11D3-BF4B-00C04F79EFBC}") = "InfinniPlatform.RabbitMq", "InfinniPlatform.RabbitMq\InfinniPlatform.RabbitMq.csproj", "{8ADBAD22-F161-438A-AF0C-4116B670A392}"
EndProject
Project("{FAE04EC0-301F-11D3-BF4B-00C04F79EFBC}") = "InfinniPlatform.ElasticSearch", "InfinniPlatform.ElasticSearch\InfinniPlatform.ElasticSearch.csproj", "{F7EC0A7A-49CD-4D63-B755-BF539ADCF688}"
EndProject
Project("{FAE04EC0-301F-11D3-BF4B-00C04F79EFBC}") = "InfinniPlatform.WebApi", "InfinniPlatform.WebApi\InfinniPlatform.WebApi.csproj", "{86AB4502-9B73-43B5-8A20-F01AADE0EDA4}"
EndProject
Project("{FAE04EC0-301F-11D3-BF4B-00C04F79EFBC}") = "InfinniPlatform.Cassandra.Tests", "InfinniPlatform.Cassandra.Tests\InfinniPlatform.Cassandra.Tests.csproj", "{728C0259-1B2E-4026-9021-C24EC256206F}"
EndProject
Project("{FAE04EC0-301F-11D3-BF4B-00C04F79EFBC}") = "InfinniPlatform.ElasticSearch.Tests", "InfinniPlatform.ElasticSearch.Tests\InfinniPlatform.ElasticSearch.Tests.csproj", "{868E706B-107E-4422-A1B2-40A0620DD70B}"
EndProject
Project("{FAE04EC0-301F-11D3-BF4B-00C04F79EFBC}") = "InfinniPlatform.RabbitMq.Tests", "InfinniPlatform.RabbitMq.Tests\InfinniPlatform.RabbitMq.Tests.csproj", "{FA554A72-BDFD-46F3-9526-45AB23CC9087}"
EndProject
Project("{FAE04EC0-301F-11D3-BF4B-00C04F79EFBC}") = "InfinniPlatform.WebApi.Tests", "InfinniPlatform.WebApi.Tests\InfinniPlatform.WebApi.Tests.csproj", "{0EE746D4-F0AB-4581-A367-CA964CCE394F}"
EndProject
Project("{FAE04EC0-301F-11D3-BF4B-00C04F79EFBC}") = "InfinniPlatform.BlobStorage", "InfinniPlatform.BlobStorage\InfinniPlatform.BlobStorage.csproj", "{3BCBCD4C-1155-464E-B020-51FA57B5E9B3}"
EndProject
Project("{FAE04EC0-301F-11D3-BF4B-00C04F79EFBC}") = "InfinniPlatform.EventStorage", "InfinniPlatform.EventStorage\InfinniPlatform.EventStorage.csproj", "{B95D4F0B-A6CB-473C-BA9A-28285DBCA50E}"
EndProject
Project("{2150E333-8FDC-42A3-9474-1A3956D46DE8}") = "Core", "Core", "{D2A3ECA9-064A-44A1-95EE-37AB350D303C}"
EndProject
Project("{FAE04EC0-301F-11D3-BF4B-00C04F79EFBC}") = "InfinniPlatform.BlobStorage.Tests", "InfinniPlatform.BlobStorage.Tests\InfinniPlatform.BlobStorage.Tests.csproj", "{9FEC95AF-5DF1-42EC-8F6A-5F0D85AA4A71}"
EndProject
Project("{FAE04EC0-301F-11D3-BF4B-00C04F79EFBC}") = "InfinniPlatform.EventStorage.Tests", "InfinniPlatform.EventStorage.Tests\InfinniPlatform.EventStorage.Tests.csproj", "{E176E64B-31C9-4005-BB14-497CC847E395}"
EndProject
Project("{FAE04EC0-301F-11D3-BF4B-00C04F79EFBC}") = "InfinniPlatform.SignalR", "InfinniPlatform.SignalR\InfinniPlatform.SignalR.csproj", "{C78BFC13-E956-4229-A2FF-7D95AC9CA74F}"
EndProject
Project("{FAE04EC0-301F-11D3-BF4B-00C04F79EFBC}") = "InfinniPlatform.Owin", "InfinniPlatform.Owin\InfinniPlatform.Owin.csproj", "{DEADC17E-4C51-48D7-9AEA-F8DAE3090C74}"
EndProject
Project("{FAE04EC0-301F-11D3-BF4B-00C04F79EFBC}") = "InfinniPlatform.Cors", "InfinniPlatform.Cors\InfinniPlatform.Cors.csproj", "{303087BA-00C2-452D-907C-54C94F42A588}"
EndProject
Project("{FAE04EC0-301F-11D3-BF4B-00C04F79EFBC}") = "InfinniPlatform.Cors.Tests", "InfinniPlatform.Cors.Tests\InfinniPlatform.Cors.Tests.csproj", "{E2111B66-1BFF-4F1B-8FA9-EFAEA444FAD7}"
EndProject
Project("{FAE04EC0-301F-11D3-BF4B-00C04F79EFBC}") = "InfinniPlatform.Owin.Tests", "InfinniPlatform.Owin.Tests\InfinniPlatform.Owin.Tests.csproj", "{4DC7AF1E-43A0-4D36-85AE-80B1BED556F8}"
EndProject
Project("{FAE04EC0-301F-11D3-BF4B-00C04F79EFBC}") = "InfinniPlatform.SignalR.Tests", "InfinniPlatform.SignalR.Tests\InfinniPlatform.SignalR.Tests.csproj", "{A0310B59-9025-4394-90FF-777194481CDD}"
EndProject
Project("{FAE04EC0-301F-11D3-BF4B-00C04F79EFBC}") = "InfinniPlatform.ClientNotification", "InfinniPlatform.ClientNotification\InfinniPlatform.ClientNotification.csproj", "{2A8817D6-A7D4-4AA7-885F-11A789C80975}"
EndProject
Project("{FAE04EC0-301F-11D3-BF4B-00C04F79EFBC}") = "InfinniPlatform.ClientNotification.Tests", "InfinniPlatform.ClientNotification.Tests\InfinniPlatform.ClientNotification.Tests.csproj", "{AE7EA24B-36A3-40BA-94F0-4A70EA1445FF}"
EndProject
Project("{FAE04EC0-301F-11D3-BF4B-00C04F79EFBC}") = "InfinniPlatform.Reporting", "InfinniPlatform.Reporting\InfinniPlatform.Reporting.csproj", "{CDF6744F-CDDE-4A4F-90EA-64286D86695D}"
EndProject
Project("{FAE04EC0-301F-11D3-BF4B-00C04F79EFBC}") = "InfinniPlatform.FastReport", "InfinniPlatform.FastReport\InfinniPlatform.FastReport.csproj", "{774D0E71-1848-4074-B537-F182FEFED717}"
EndProject
Project("{FAE04EC0-301F-11D3-BF4B-00C04F79EFBC}") = "InfinniPlatform.FastReport.Tests", "InfinniPlatform.FastReport.Tests\InfinniPlatform.FastReport.Tests.csproj", "{A486B8A5-ADA5-4959-8A49-7C7DE185E4DC}"
EndProject
Project("{FAE04EC0-301F-11D3-BF4B-00C04F79EFBC}") = "InfinniPlatform.Reporting.Tests", "InfinniPlatform.Reporting.Tests\InfinniPlatform.Reporting.Tests.csproj", "{D7FC0D59-E0B3-4388-9B4A-ABDF3E0536B4}"
EndProject
Project("{FAE04EC0-301F-11D3-BF4B-00C04F79EFBC}") = "InfinniPlatform.OceanInformatics", "InfinniPlatform.OceanInformatics\InfinniPlatform.OceanInformatics.csproj", "{42CB828F-E466-42C7-B0C4-6E3BDB56D328}"
EndProject
Project("{FAE04EC0-301F-11D3-BF4B-00C04F79EFBC}") = "InfinniPlatform.OceanInformatics.Tests", "InfinniPlatform.OceanInformatics.Tests\InfinniPlatform.OceanInformatics.Tests.csproj", "{EA6ADAF1-C6B2-4EFC-A0A5-35D0E2DE8DB4}"
EndProject
Project("{FAE04EC0-301F-11D3-BF4B-00C04F79EFBC}") = "InfinniPlatform.ReportDesigner", "InfinniPlatform.ReportDesigner\InfinniPlatform.ReportDesigner.csproj", "{65734184-A04C-4509-BF68-6F07CA324104}"
EndProject
Project("{FAE04EC0-301F-11D3-BF4B-00C04F79EFBC}") = "InfinniPlatform.SystemConfig", "InfinniPlatform.SystemConfig\InfinniPlatform.SystemConfig.csproj", "{6EFC2069-AFEB-453D-AD2C-3E170486A4F1}"
EndProject
Project("{FAE04EC0-301F-11D3-BF4B-00C04F79EFBC}") = "InfinniPlatform.SystemConfig.Tests", "InfinniPlatform.SystemConfig.Tests\InfinniPlatform.SystemConfig.Tests.csproj", "{48B80D63-D8AA-472B-9120-C6338F0B7988}"
EndProject
Project("{2150E333-8FDC-42A3-9474-1A3956D46DE8}") = "Designer", "Designer", "{DA71DF4B-1976-4716-B2F3-D361BC234729}"
EndProject
Project("{FAE04EC0-301F-11D3-BF4B-00C04F79EFBC}") = "InfinniPlatform.UserInterface", "InfinniPlatform.UserInterface\InfinniPlatform.UserInterface.csproj", "{E9AAAC4A-A3DA-4695-8074-BFDE4EE03995}"
EndProject
Project("{FAE04EC0-301F-11D3-BF4B-00C04F79EFBC}") = "InfinniPlatform.UserInterface.Tests", "InfinniPlatform.UserInterface.Tests\InfinniPlatform.UserInterface.Tests.csproj", "{1486EB4E-FD22-44C4-88DD-8C32AB90AE88}"
EndProject
Project("{FAE04EC0-301F-11D3-BF4B-00C04F79EFBC}") = "InfinniPlatform.MetadataDesigner", "InfinniPlatform.MetadataDesigner\InfinniPlatform.MetadataDesigner.csproj", "{B5108924-DDA4-4857-8E15-1ABB0D49C6F6}"
EndProject
Project("{FAE04EC0-301F-11D3-BF4B-00C04F79EFBC}") = "InfinniPlatform.QueryDesigner", "InfinniPlatform.QueryDesigner\InfinniPlatform.QueryDesigner.csproj", "{4E041D4E-38DE-469A-B2BA-CB1EC9DE0F71}"
EndProject
Project("{FAE04EC0-301F-11D3-BF4B-00C04F79EFBC}") = "InfinniPlatform.RestfulApi", "InfinniPlatform.RestfulApi\InfinniPlatform.RestfulApi.csproj", "{75952D00-54DA-419A-8233-91949D74D9E3}"
EndProject
Project("{FAE04EC0-301F-11D3-BF4B-00C04F79EFBC}") = "InfinniPlatform.MigrationsAndVerifications", "InfinniPlatform.MigrationsAndVerifications\InfinniPlatform.MigrationsAndVerifications.csproj", "{433990BB-0B39-4979-A8CE-CED03D13C22F}"
EndProject
Project("{FAE04EC0-301F-11D3-BF4B-00C04F79EFBC}") = "InfinniPlatform.MigrationsAndVerifications.Tests", "InfinniPlatform.MigrationsAndVerifications.Tests\InfinniPlatform.MigrationsAndVerifications.Tests.csproj", "{DEAB7EFF-92F5-4DCE-B3AA-31E35083A7E0}"
EndProject
Project("{FAE04EC0-301F-11D3-BF4B-00C04F79EFBC}") = "InfinniPlatform.Authentication", "InfinniPlatform.Authentication\InfinniPlatform.Authentication.csproj", "{9FEC0071-8A7C-44C1-91C7-9C1219601B34}"
EndProject
Project("{FAE04EC0-301F-11D3-BF4B-00C04F79EFBC}") = "InfinniPlatform.Authentication.Tests", "InfinniPlatform.Authentication.Tests\InfinniPlatform.Authentication.Tests.csproj", "{01FDB3B6-D433-4D85-AEF6-E194742A708D}"
EndProject
Project("{2150E333-8FDC-42A3-9474-1A3956D46DE8}") = "Client", "Client", "{2F5C5276-823F-4C7D-B95A-3EFD75C7B0C5}"
	ProjectSection(SolutionItems) = preProject
		Files\Client\App.config = Files\Client\App.config
	EndProjectSection
EndProject
Project("{2150E333-8FDC-42A3-9474-1A3956D46DE8}") = "Tools", "Tools", "{89D37C8B-9A73-45AB-A4C0-E91DC1A6D5CA}"
EndProject
Project("{FAE04EC0-301F-11D3-BF4B-00C04F79EFBC}") = "InfinniPlatform.FlowDocument", "InfinniPlatform.FlowDocument\InfinniPlatform.FlowDocument.csproj", "{E47F0C5B-F775-44B4-9E2E-E4C044864125}"
EndProject
Project("{FAE04EC0-301F-11D3-BF4B-00C04F79EFBC}") = "InfinniPlatform.FlowDocument.Tests", "InfinniPlatform.FlowDocument.Tests\InfinniPlatform.FlowDocument.Tests.csproj", "{C4D8DDAE-6A41-479D-8DC7-652FEA918741}"
EndProject
Project("{FAE04EC0-301F-11D3-BF4B-00C04F79EFBC}") = "InfinniPlatform.DesignControls", "InfinniPlatform.DesignControls\InfinniPlatform.DesignControls.csproj", "{9E7FD106-8434-41ED-8DB1-10761C25A25C}"
EndProject
Project("{FAE04EC0-301F-11D3-BF4B-00C04F79EFBC}") = "InfinniPlatform.PrintViewDesigner", "InfinniPlatform.PrintViewDesigner\InfinniPlatform.PrintViewDesigner.csproj", "{5E5C6503-E141-4DEC-A930-58C0E4DE0D30}"
EndProject
Project("{FAE04EC0-301F-11D3-BF4B-00C04F79EFBC}") = "InfinniPlatform.DesignControls.Tests", "InfinniPlatform.DesignControls.Tests\InfinniPlatform.DesignControls.Tests.csproj", "{02770C8F-02F2-4501-BA4B-A0A3B7662C75}"
EndProject
Project("{FAE04EC0-301F-11D3-BF4B-00C04F79EFBC}") = "InfinniPlatform.Esia", "InfinniPlatform.Esia\InfinniPlatform.Esia.csproj", "{DA365183-B83D-4F73-A5BB-D8B0DF4EE52B}"
EndProject
Project("{FAE04EC0-301F-11D3-BF4B-00C04F79EFBC}") = "InfinniPlatform.Esia.Tests", "InfinniPlatform.Esia.Tests\InfinniPlatform.Esia.Tests.csproj", "{DDC6B014-63C7-41EA-9CF0-9E5BEB7F6977}"
EndProject
Project("{FAE04EC0-301F-11D3-BF4B-00C04F79EFBC}") = "InfinniPlatform.Expressions", "InfinniPlatform.Expressions\InfinniPlatform.Expressions.csproj", "{0CA27AD5-540A-4CC6-A9F4-18634716D096}"
EndProject
Project("{FAE04EC0-301F-11D3-BF4B-00C04F79EFBC}") = "InfinniPlatform.Expressions.Tests", "InfinniPlatform.Expressions.Tests\InfinniPlatform.Expressions.Tests.csproj", "{93F9B582-2B31-45A1-B28B-96BEEF735B3C}"
EndProject
Project("{2150E333-8FDC-42A3-9474-1A3956D46DE8}") = "SystemConfigurations", "SystemConfigurations", "{D9A6588C-AAAB-4488-BEB8-DBBE12BC28BF}"
EndProject
Project("{FAE04EC0-301F-11D3-BF4B-00C04F79EFBC}") = "InfinniPlatform.SystemConfig.Administration", "InfinniPlatform.SystemConfig.Administration\InfinniPlatform.SystemConfig.Administration.csproj", "{F087E239-018F-46D3-A0A3-3ED43CE745EB}"
EndProject
Project("{FAE04EC0-301F-11D3-BF4B-00C04F79EFBC}") = "InfinniPlatform.SystemConfig.AdministrationCustomization", "InfinniPlatform.SystemConfig.AdministrationCustomization\InfinniPlatform.SystemConfig.AdministrationCustomization.csproj", "{487447FD-AFC7-4A10-B140-1ECCD9C1741D}"
EndProject
Project("{FAE04EC0-301F-11D3-BF4B-00C04F79EFBC}") = "InfinniPlatform.Utils", "InfinniPlatform.Utils\InfinniPlatform.Utils.csproj", "{66201AEC-C0C9-49DC-AB78-B8B8235A6607}"
EndProject
Project("{FAE04EC0-301F-11D3-BF4B-00C04F79EFBC}") = "InfinniPlatform.Sdk.Tests", "InfinniPlatform.Sdk.Tests\InfinniPlatform.Sdk.Tests.csproj", "{4C6F499C-E183-4FC7-9F14-C94B2DA3F443}"
EndProject
Project("{FAE04EC0-301F-11D3-BF4B-00C04F79EFBC}") = "InfinniPlatform.Sdk", "InfinniPlatform.Sdk\InfinniPlatform.Sdk.csproj", "{2322469D-7D54-4C76-97E2-EF40F15645F5}"
EndProject
Project("{FAE04EC0-301F-11D3-BF4B-00C04F79EFBC}") = "InfinniPlatform.NodeServiceHost", "InfinniPlatform.NodeServiceHost\InfinniPlatform.NodeServiceHost.csproj", "{DCB067DB-E581-4F90-85DF-ACF9C6B42AD4}"
EndProject
Project("{FAE04EC0-301F-11D3-BF4B-00C04F79EFBC}") = "InfinniPlatform.Caching", "InfinniPlatform.Caching\InfinniPlatform.Caching.csproj", "{BD628B04-C2DF-458A-8406-6BB60729FC1C}"
EndProject
Project("{FAE04EC0-301F-11D3-BF4B-00C04F79EFBC}") = "InfinniPlatform.Caching.Tests", "InfinniPlatform.Caching.Tests\InfinniPlatform.Caching.Tests.csproj", "{CACE5337-D31B-4AF2-ACF5-C98CA01DB1F7}"
EndProject
Project("{2150E333-8FDC-42A3-9474-1A3956D46DE8}") = "Packaging", "Packaging", "{8237A533-D176-4BB1-86F7-F07C7AEFBA03}"
	ProjectSection(SolutionItems) = preProject
		Files\Packaging\CreateNugetPackage.bat = Files\Packaging\CreateNugetPackage.bat
		Files\Packaging\SetTemplateStubs.ps1 = Files\Packaging\SetTemplateStubs.ps1
		Files\Packaging\VersionInfo.cs = Files\Packaging\VersionInfo.cs
	EndProjectSection
EndProject
Project("{2150E333-8FDC-42A3-9474-1A3956D46DE8}") = "Monitoring", "Monitoring", "{C71676EF-83E3-4549-B43E-F3CEAE4FABC7}"
	ProjectSection(SolutionItems) = preProject
		Files\Monitoring\AppLog.config = Files\Monitoring\AppLog.config
		Files\Monitoring\Inf.logstash.rb = Files\Monitoring\Inf.logstash.rb
		Files\Monitoring\Inf.Monitor.kibana.json = Files\Monitoring\Inf.Monitor.kibana.json
		Files\Monitoring\Inf.Performance.kibana.json = Files\Monitoring\Inf.Performance.kibana.json
	EndProjectSection
EndProject
Project("{FAE04EC0-301F-11D3-BF4B-00C04F79EFBC}") = "InfinniPlatform.IoC", "InfinniPlatform.IoC\InfinniPlatform.IoC.csproj", "{197A078F-F42F-4F87-B8B2-463129ED4797}"
EndProject
Project("{FAE04EC0-301F-11D3-BF4B-00C04F79EFBC}") = "InfinniPlatform.IoC.Tests", "InfinniPlatform.IoC.Tests\InfinniPlatform.IoC.Tests.csproj", "{075765EF-E0DF-45D4-86E3-5DE2AFBAE5F5}"
EndProject
Project("{2150E333-8FDC-42A3-9474-1A3956D46DE8}") = "Config", "Config", "{FA93727B-56AC-452A-8F91-F09C6620134F}"
	ProjectSection(SolutionItems) = preProject
		Files\Config\App.config = Files\Config\App.config
		Files\Config\AppCommon.json = Files\Config\AppCommon.json
		Files\Config\AppExtension.json = Files\Config\AppExtension.json
	EndProjectSection
EndProject
Project("{2150E333-8FDC-42A3-9474-1A3956D46DE8}") = "Templates", "Templates", "{EE369BF1-62B4-40CD-83DA-467710B4E376}"
	ProjectSection(SolutionItems) = preProject
		Files\Packaging\Templates\InfinniPlatform.Template.nuspec = Files\Packaging\Templates\InfinniPlatform.Template.nuspec
	EndProjectSection
EndProject
Global
	GlobalSection(SolutionConfigurationPlatforms) = preSolution
		Debug|Any CPU = Debug|Any CPU
		Release|Any CPU = Release|Any CPU
	EndGlobalSection
	GlobalSection(ProjectConfigurationPlatforms) = postSolution
		{EBC684B7-B72A-475F-BBC1-B6293B607B9B}.Debug|Any CPU.ActiveCfg = Debug|Any CPU
		{EBC684B7-B72A-475F-BBC1-B6293B607B9B}.Debug|Any CPU.Build.0 = Debug|Any CPU
		{EBC684B7-B72A-475F-BBC1-B6293B607B9B}.Release|Any CPU.ActiveCfg = Release|Any CPU
		{EBC684B7-B72A-475F-BBC1-B6293B607B9B}.Release|Any CPU.Build.0 = Release|Any CPU
		{E14CCE42-2563-4C36-919F-B389FF87EA65}.Debug|Any CPU.ActiveCfg = Debug|Any CPU
		{E14CCE42-2563-4C36-919F-B389FF87EA65}.Debug|Any CPU.Build.0 = Debug|Any CPU
		{E14CCE42-2563-4C36-919F-B389FF87EA65}.Release|Any CPU.ActiveCfg = Release|Any CPU
		{E14CCE42-2563-4C36-919F-B389FF87EA65}.Release|Any CPU.Build.0 = Release|Any CPU
		{7CA0F96C-7FF4-44B2-9D44-851984DF4532}.Debug|Any CPU.ActiveCfg = Debug|Any CPU
		{7CA0F96C-7FF4-44B2-9D44-851984DF4532}.Debug|Any CPU.Build.0 = Debug|Any CPU
		{7CA0F96C-7FF4-44B2-9D44-851984DF4532}.Release|Any CPU.ActiveCfg = Release|Any CPU
		{7CA0F96C-7FF4-44B2-9D44-851984DF4532}.Release|Any CPU.Build.0 = Release|Any CPU
		{2B2F3FA6-F434-4FCF-A4C7-323FFC602F0C}.Debug|Any CPU.ActiveCfg = Debug|Any CPU
		{2B2F3FA6-F434-4FCF-A4C7-323FFC602F0C}.Debug|Any CPU.Build.0 = Debug|Any CPU
		{2B2F3FA6-F434-4FCF-A4C7-323FFC602F0C}.Release|Any CPU.ActiveCfg = Release|Any CPU
		{2B2F3FA6-F434-4FCF-A4C7-323FFC602F0C}.Release|Any CPU.Build.0 = Release|Any CPU
		{25CCB048-C239-4A2D-8090-39AE34514884}.Debug|Any CPU.ActiveCfg = Debug|Any CPU
		{25CCB048-C239-4A2D-8090-39AE34514884}.Debug|Any CPU.Build.0 = Debug|Any CPU
		{25CCB048-C239-4A2D-8090-39AE34514884}.Release|Any CPU.ActiveCfg = Release|Any CPU
		{25CCB048-C239-4A2D-8090-39AE34514884}.Release|Any CPU.Build.0 = Release|Any CPU
		{D6FBC1D7-48E7-4819-8C8B-DD7FA398D2CC}.Debug|Any CPU.ActiveCfg = Debug|Any CPU
		{D6FBC1D7-48E7-4819-8C8B-DD7FA398D2CC}.Debug|Any CPU.Build.0 = Debug|Any CPU
		{D6FBC1D7-48E7-4819-8C8B-DD7FA398D2CC}.Release|Any CPU.ActiveCfg = Release|Any CPU
		{D6FBC1D7-48E7-4819-8C8B-DD7FA398D2CC}.Release|Any CPU.Build.0 = Release|Any CPU
		{CDF22217-5452-4D4C-8F00-9601FD367050}.Debug|Any CPU.ActiveCfg = Debug|Any CPU
		{CDF22217-5452-4D4C-8F00-9601FD367050}.Debug|Any CPU.Build.0 = Debug|Any CPU
		{CDF22217-5452-4D4C-8F00-9601FD367050}.Release|Any CPU.ActiveCfg = Release|Any CPU
		{CDF22217-5452-4D4C-8F00-9601FD367050}.Release|Any CPU.Build.0 = Release|Any CPU
		{F1239C4B-CA5F-4B5E-83AC-DA686E81030F}.Debug|Any CPU.ActiveCfg = Debug|Any CPU
		{F1239C4B-CA5F-4B5E-83AC-DA686E81030F}.Debug|Any CPU.Build.0 = Debug|Any CPU
		{F1239C4B-CA5F-4B5E-83AC-DA686E81030F}.Release|Any CPU.ActiveCfg = Release|Any CPU
		{F1239C4B-CA5F-4B5E-83AC-DA686E81030F}.Release|Any CPU.Build.0 = Release|Any CPU
		{9285B46C-C4A6-4FB1-9471-3C0E2BE8EA22}.Debug|Any CPU.ActiveCfg = Debug|Any CPU
		{9285B46C-C4A6-4FB1-9471-3C0E2BE8EA22}.Debug|Any CPU.Build.0 = Debug|Any CPU
		{9285B46C-C4A6-4FB1-9471-3C0E2BE8EA22}.Release|Any CPU.ActiveCfg = Release|Any CPU
		{9285B46C-C4A6-4FB1-9471-3C0E2BE8EA22}.Release|Any CPU.Build.0 = Release|Any CPU
		{AFB709E2-71C1-4712-AA8D-4A9621939279}.Debug|Any CPU.ActiveCfg = Debug|Any CPU
		{AFB709E2-71C1-4712-AA8D-4A9621939279}.Debug|Any CPU.Build.0 = Debug|Any CPU
		{AFB709E2-71C1-4712-AA8D-4A9621939279}.Release|Any CPU.ActiveCfg = Release|Any CPU
		{AFB709E2-71C1-4712-AA8D-4A9621939279}.Release|Any CPU.Build.0 = Release|Any CPU
		{A8285E35-48F8-45CC-961C-282678230221}.Debug|Any CPU.ActiveCfg = Debug|Any CPU
		{A8285E35-48F8-45CC-961C-282678230221}.Debug|Any CPU.Build.0 = Debug|Any CPU
		{A8285E35-48F8-45CC-961C-282678230221}.Release|Any CPU.ActiveCfg = Release|Any CPU
		{A8285E35-48F8-45CC-961C-282678230221}.Release|Any CPU.Build.0 = Release|Any CPU
		{C4ECB85D-AD08-45D3-9FDF-F0FE9A797644}.Debug|Any CPU.ActiveCfg = Debug|Any CPU
		{C4ECB85D-AD08-45D3-9FDF-F0FE9A797644}.Debug|Any CPU.Build.0 = Debug|Any CPU
		{C4ECB85D-AD08-45D3-9FDF-F0FE9A797644}.Release|Any CPU.ActiveCfg = Release|Any CPU
		{C4ECB85D-AD08-45D3-9FDF-F0FE9A797644}.Release|Any CPU.Build.0 = Release|Any CPU
		{6A39EA44-58CA-4536-8AD1-58DA2C081E46}.Debug|Any CPU.ActiveCfg = Debug|Any CPU
		{6A39EA44-58CA-4536-8AD1-58DA2C081E46}.Debug|Any CPU.Build.0 = Debug|Any CPU
		{6A39EA44-58CA-4536-8AD1-58DA2C081E46}.Release|Any CPU.ActiveCfg = Release|Any CPU
		{6A39EA44-58CA-4536-8AD1-58DA2C081E46}.Release|Any CPU.Build.0 = Release|Any CPU
		{5AAAF1B1-B28F-44AC-8CA2-8F475DF3B898}.Debug|Any CPU.ActiveCfg = Debug|Any CPU
		{5AAAF1B1-B28F-44AC-8CA2-8F475DF3B898}.Debug|Any CPU.Build.0 = Debug|Any CPU
		{5AAAF1B1-B28F-44AC-8CA2-8F475DF3B898}.Release|Any CPU.ActiveCfg = Release|Any CPU
		{5AAAF1B1-B28F-44AC-8CA2-8F475DF3B898}.Release|Any CPU.Build.0 = Release|Any CPU
		{A45E33C7-6DD7-471E-8870-FBC881C83733}.Debug|Any CPU.ActiveCfg = Debug|Any CPU
		{A45E33C7-6DD7-471E-8870-FBC881C83733}.Debug|Any CPU.Build.0 = Debug|Any CPU
		{A45E33C7-6DD7-471E-8870-FBC881C83733}.Release|Any CPU.ActiveCfg = Release|Any CPU
		{A45E33C7-6DD7-471E-8870-FBC881C83733}.Release|Any CPU.Build.0 = Release|Any CPU
		{50DEADF6-50F4-4D61-80B1-A156DE88FD14}.Debug|Any CPU.ActiveCfg = Debug|Any CPU
		{50DEADF6-50F4-4D61-80B1-A156DE88FD14}.Debug|Any CPU.Build.0 = Debug|Any CPU
		{50DEADF6-50F4-4D61-80B1-A156DE88FD14}.Release|Any CPU.ActiveCfg = Release|Any CPU
		{50DEADF6-50F4-4D61-80B1-A156DE88FD14}.Release|Any CPU.Build.0 = Release|Any CPU
		{21B5752E-D14B-45FF-B13E-9F435B9283AF}.Debug|Any CPU.ActiveCfg = Debug|Any CPU
		{21B5752E-D14B-45FF-B13E-9F435B9283AF}.Debug|Any CPU.Build.0 = Debug|Any CPU
		{21B5752E-D14B-45FF-B13E-9F435B9283AF}.Release|Any CPU.ActiveCfg = Release|Any CPU
		{21B5752E-D14B-45FF-B13E-9F435B9283AF}.Release|Any CPU.Build.0 = Release|Any CPU
		{DE2CAF87-C133-4C6A-BFBF-BCBA4D1B8130}.Debug|Any CPU.ActiveCfg = Debug|Any CPU
		{DE2CAF87-C133-4C6A-BFBF-BCBA4D1B8130}.Debug|Any CPU.Build.0 = Debug|Any CPU
		{DE2CAF87-C133-4C6A-BFBF-BCBA4D1B8130}.Release|Any CPU.ActiveCfg = Release|Any CPU
		{DE2CAF87-C133-4C6A-BFBF-BCBA4D1B8130}.Release|Any CPU.Build.0 = Release|Any CPU
		{CE124B51-0426-4DB0-9A88-DE4E6C232245}.Debug|Any CPU.ActiveCfg = Debug|Any CPU
		{CE124B51-0426-4DB0-9A88-DE4E6C232245}.Debug|Any CPU.Build.0 = Debug|Any CPU
		{CE124B51-0426-4DB0-9A88-DE4E6C232245}.Release|Any CPU.ActiveCfg = Release|Any CPU
		{CE124B51-0426-4DB0-9A88-DE4E6C232245}.Release|Any CPU.Build.0 = Release|Any CPU
		{A46F638C-C9C5-49BE-BC8D-8144E8C8F87A}.Debug|Any CPU.ActiveCfg = Debug|Any CPU
		{A46F638C-C9C5-49BE-BC8D-8144E8C8F87A}.Debug|Any CPU.Build.0 = Debug|Any CPU
		{A46F638C-C9C5-49BE-BC8D-8144E8C8F87A}.Release|Any CPU.ActiveCfg = Release|Any CPU
		{A46F638C-C9C5-49BE-BC8D-8144E8C8F87A}.Release|Any CPU.Build.0 = Release|Any CPU
		{EE5AD8E7-4D3E-462D-AF0B-38430185396F}.Debug|Any CPU.ActiveCfg = Debug|Any CPU
		{EE5AD8E7-4D3E-462D-AF0B-38430185396F}.Debug|Any CPU.Build.0 = Debug|Any CPU
		{EE5AD8E7-4D3E-462D-AF0B-38430185396F}.Release|Any CPU.ActiveCfg = Release|Any CPU
		{EE5AD8E7-4D3E-462D-AF0B-38430185396F}.Release|Any CPU.Build.0 = Release|Any CPU
		{EC8E01A2-76C8-453A-B957-F83265778971}.Debug|Any CPU.ActiveCfg = Debug|Any CPU
		{EC8E01A2-76C8-453A-B957-F83265778971}.Debug|Any CPU.Build.0 = Debug|Any CPU
		{EC8E01A2-76C8-453A-B957-F83265778971}.Release|Any CPU.ActiveCfg = Release|Any CPU
		{EC8E01A2-76C8-453A-B957-F83265778971}.Release|Any CPU.Build.0 = Release|Any CPU
		{8ADBAD22-F161-438A-AF0C-4116B670A392}.Debug|Any CPU.ActiveCfg = Debug|Any CPU
		{8ADBAD22-F161-438A-AF0C-4116B670A392}.Debug|Any CPU.Build.0 = Debug|Any CPU
		{8ADBAD22-F161-438A-AF0C-4116B670A392}.Release|Any CPU.ActiveCfg = Release|Any CPU
		{8ADBAD22-F161-438A-AF0C-4116B670A392}.Release|Any CPU.Build.0 = Release|Any CPU
		{F7EC0A7A-49CD-4D63-B755-BF539ADCF688}.Debug|Any CPU.ActiveCfg = Debug|Any CPU
		{F7EC0A7A-49CD-4D63-B755-BF539ADCF688}.Debug|Any CPU.Build.0 = Debug|Any CPU
		{F7EC0A7A-49CD-4D63-B755-BF539ADCF688}.Release|Any CPU.ActiveCfg = Release|Any CPU
		{F7EC0A7A-49CD-4D63-B755-BF539ADCF688}.Release|Any CPU.Build.0 = Release|Any CPU
		{86AB4502-9B73-43B5-8A20-F01AADE0EDA4}.Debug|Any CPU.ActiveCfg = Debug|Any CPU
		{86AB4502-9B73-43B5-8A20-F01AADE0EDA4}.Debug|Any CPU.Build.0 = Debug|Any CPU
		{86AB4502-9B73-43B5-8A20-F01AADE0EDA4}.Release|Any CPU.ActiveCfg = Release|Any CPU
		{86AB4502-9B73-43B5-8A20-F01AADE0EDA4}.Release|Any CPU.Build.0 = Release|Any CPU
		{728C0259-1B2E-4026-9021-C24EC256206F}.Debug|Any CPU.ActiveCfg = Debug|Any CPU
		{728C0259-1B2E-4026-9021-C24EC256206F}.Debug|Any CPU.Build.0 = Debug|Any CPU
		{728C0259-1B2E-4026-9021-C24EC256206F}.Release|Any CPU.ActiveCfg = Release|Any CPU
		{728C0259-1B2E-4026-9021-C24EC256206F}.Release|Any CPU.Build.0 = Release|Any CPU
		{868E706B-107E-4422-A1B2-40A0620DD70B}.Debug|Any CPU.ActiveCfg = Debug|Any CPU
		{868E706B-107E-4422-A1B2-40A0620DD70B}.Debug|Any CPU.Build.0 = Debug|Any CPU
		{868E706B-107E-4422-A1B2-40A0620DD70B}.Release|Any CPU.ActiveCfg = Release|Any CPU
		{868E706B-107E-4422-A1B2-40A0620DD70B}.Release|Any CPU.Build.0 = Release|Any CPU
		{FA554A72-BDFD-46F3-9526-45AB23CC9087}.Debug|Any CPU.ActiveCfg = Debug|Any CPU
		{FA554A72-BDFD-46F3-9526-45AB23CC9087}.Debug|Any CPU.Build.0 = Debug|Any CPU
		{FA554A72-BDFD-46F3-9526-45AB23CC9087}.Release|Any CPU.ActiveCfg = Release|Any CPU
		{FA554A72-BDFD-46F3-9526-45AB23CC9087}.Release|Any CPU.Build.0 = Release|Any CPU
		{0EE746D4-F0AB-4581-A367-CA964CCE394F}.Debug|Any CPU.ActiveCfg = Debug|Any CPU
		{0EE746D4-F0AB-4581-A367-CA964CCE394F}.Debug|Any CPU.Build.0 = Debug|Any CPU
		{0EE746D4-F0AB-4581-A367-CA964CCE394F}.Release|Any CPU.ActiveCfg = Release|Any CPU
		{0EE746D4-F0AB-4581-A367-CA964CCE394F}.Release|Any CPU.Build.0 = Release|Any CPU
		{3BCBCD4C-1155-464E-B020-51FA57B5E9B3}.Debug|Any CPU.ActiveCfg = Debug|Any CPU
		{3BCBCD4C-1155-464E-B020-51FA57B5E9B3}.Debug|Any CPU.Build.0 = Debug|Any CPU
		{3BCBCD4C-1155-464E-B020-51FA57B5E9B3}.Release|Any CPU.ActiveCfg = Release|Any CPU
		{3BCBCD4C-1155-464E-B020-51FA57B5E9B3}.Release|Any CPU.Build.0 = Release|Any CPU
		{B95D4F0B-A6CB-473C-BA9A-28285DBCA50E}.Debug|Any CPU.ActiveCfg = Debug|Any CPU
		{B95D4F0B-A6CB-473C-BA9A-28285DBCA50E}.Debug|Any CPU.Build.0 = Debug|Any CPU
		{B95D4F0B-A6CB-473C-BA9A-28285DBCA50E}.Release|Any CPU.ActiveCfg = Release|Any CPU
		{B95D4F0B-A6CB-473C-BA9A-28285DBCA50E}.Release|Any CPU.Build.0 = Release|Any CPU
		{9FEC95AF-5DF1-42EC-8F6A-5F0D85AA4A71}.Debug|Any CPU.ActiveCfg = Debug|Any CPU
		{9FEC95AF-5DF1-42EC-8F6A-5F0D85AA4A71}.Debug|Any CPU.Build.0 = Debug|Any CPU
		{9FEC95AF-5DF1-42EC-8F6A-5F0D85AA4A71}.Release|Any CPU.ActiveCfg = Release|Any CPU
		{9FEC95AF-5DF1-42EC-8F6A-5F0D85AA4A71}.Release|Any CPU.Build.0 = Release|Any CPU
		{E176E64B-31C9-4005-BB14-497CC847E395}.Debug|Any CPU.ActiveCfg = Debug|Any CPU
		{E176E64B-31C9-4005-BB14-497CC847E395}.Debug|Any CPU.Build.0 = Debug|Any CPU
		{E176E64B-31C9-4005-BB14-497CC847E395}.Release|Any CPU.ActiveCfg = Release|Any CPU
		{E176E64B-31C9-4005-BB14-497CC847E395}.Release|Any CPU.Build.0 = Release|Any CPU
		{C78BFC13-E956-4229-A2FF-7D95AC9CA74F}.Debug|Any CPU.ActiveCfg = Debug|Any CPU
		{C78BFC13-E956-4229-A2FF-7D95AC9CA74F}.Debug|Any CPU.Build.0 = Debug|Any CPU
		{C78BFC13-E956-4229-A2FF-7D95AC9CA74F}.Release|Any CPU.ActiveCfg = Release|Any CPU
		{C78BFC13-E956-4229-A2FF-7D95AC9CA74F}.Release|Any CPU.Build.0 = Release|Any CPU
		{DEADC17E-4C51-48D7-9AEA-F8DAE3090C74}.Debug|Any CPU.ActiveCfg = Debug|Any CPU
		{DEADC17E-4C51-48D7-9AEA-F8DAE3090C74}.Debug|Any CPU.Build.0 = Debug|Any CPU
		{DEADC17E-4C51-48D7-9AEA-F8DAE3090C74}.Release|Any CPU.ActiveCfg = Release|Any CPU
		{DEADC17E-4C51-48D7-9AEA-F8DAE3090C74}.Release|Any CPU.Build.0 = Release|Any CPU
		{303087BA-00C2-452D-907C-54C94F42A588}.Debug|Any CPU.ActiveCfg = Debug|Any CPU
		{303087BA-00C2-452D-907C-54C94F42A588}.Debug|Any CPU.Build.0 = Debug|Any CPU
		{303087BA-00C2-452D-907C-54C94F42A588}.Release|Any CPU.ActiveCfg = Release|Any CPU
		{303087BA-00C2-452D-907C-54C94F42A588}.Release|Any CPU.Build.0 = Release|Any CPU
		{E2111B66-1BFF-4F1B-8FA9-EFAEA444FAD7}.Debug|Any CPU.ActiveCfg = Debug|Any CPU
		{E2111B66-1BFF-4F1B-8FA9-EFAEA444FAD7}.Debug|Any CPU.Build.0 = Debug|Any CPU
		{E2111B66-1BFF-4F1B-8FA9-EFAEA444FAD7}.Release|Any CPU.ActiveCfg = Release|Any CPU
		{E2111B66-1BFF-4F1B-8FA9-EFAEA444FAD7}.Release|Any CPU.Build.0 = Release|Any CPU
		{4DC7AF1E-43A0-4D36-85AE-80B1BED556F8}.Debug|Any CPU.ActiveCfg = Debug|Any CPU
		{4DC7AF1E-43A0-4D36-85AE-80B1BED556F8}.Debug|Any CPU.Build.0 = Debug|Any CPU
		{4DC7AF1E-43A0-4D36-85AE-80B1BED556F8}.Release|Any CPU.ActiveCfg = Release|Any CPU
		{4DC7AF1E-43A0-4D36-85AE-80B1BED556F8}.Release|Any CPU.Build.0 = Release|Any CPU
		{A0310B59-9025-4394-90FF-777194481CDD}.Debug|Any CPU.ActiveCfg = Debug|Any CPU
		{A0310B59-9025-4394-90FF-777194481CDD}.Debug|Any CPU.Build.0 = Debug|Any CPU
		{A0310B59-9025-4394-90FF-777194481CDD}.Release|Any CPU.ActiveCfg = Release|Any CPU
		{A0310B59-9025-4394-90FF-777194481CDD}.Release|Any CPU.Build.0 = Release|Any CPU
		{2A8817D6-A7D4-4AA7-885F-11A789C80975}.Debug|Any CPU.ActiveCfg = Debug|Any CPU
		{2A8817D6-A7D4-4AA7-885F-11A789C80975}.Debug|Any CPU.Build.0 = Debug|Any CPU
		{2A8817D6-A7D4-4AA7-885F-11A789C80975}.Release|Any CPU.ActiveCfg = Release|Any CPU
		{2A8817D6-A7D4-4AA7-885F-11A789C80975}.Release|Any CPU.Build.0 = Release|Any CPU
		{AE7EA24B-36A3-40BA-94F0-4A70EA1445FF}.Debug|Any CPU.ActiveCfg = Debug|Any CPU
		{AE7EA24B-36A3-40BA-94F0-4A70EA1445FF}.Debug|Any CPU.Build.0 = Debug|Any CPU
		{AE7EA24B-36A3-40BA-94F0-4A70EA1445FF}.Release|Any CPU.ActiveCfg = Release|Any CPU
		{AE7EA24B-36A3-40BA-94F0-4A70EA1445FF}.Release|Any CPU.Build.0 = Release|Any CPU
		{CDF6744F-CDDE-4A4F-90EA-64286D86695D}.Debug|Any CPU.ActiveCfg = Debug|Any CPU
		{CDF6744F-CDDE-4A4F-90EA-64286D86695D}.Debug|Any CPU.Build.0 = Debug|Any CPU
		{CDF6744F-CDDE-4A4F-90EA-64286D86695D}.Release|Any CPU.ActiveCfg = Release|Any CPU
		{CDF6744F-CDDE-4A4F-90EA-64286D86695D}.Release|Any CPU.Build.0 = Release|Any CPU
		{774D0E71-1848-4074-B537-F182FEFED717}.Debug|Any CPU.ActiveCfg = Debug|Any CPU
		{774D0E71-1848-4074-B537-F182FEFED717}.Debug|Any CPU.Build.0 = Debug|Any CPU
		{774D0E71-1848-4074-B537-F182FEFED717}.Release|Any CPU.ActiveCfg = Release|Any CPU
		{774D0E71-1848-4074-B537-F182FEFED717}.Release|Any CPU.Build.0 = Release|Any CPU
		{A486B8A5-ADA5-4959-8A49-7C7DE185E4DC}.Debug|Any CPU.ActiveCfg = Debug|Any CPU
		{A486B8A5-ADA5-4959-8A49-7C7DE185E4DC}.Debug|Any CPU.Build.0 = Debug|Any CPU
		{A486B8A5-ADA5-4959-8A49-7C7DE185E4DC}.Release|Any CPU.ActiveCfg = Release|Any CPU
		{A486B8A5-ADA5-4959-8A49-7C7DE185E4DC}.Release|Any CPU.Build.0 = Release|Any CPU
		{D7FC0D59-E0B3-4388-9B4A-ABDF3E0536B4}.Debug|Any CPU.ActiveCfg = Debug|Any CPU
		{D7FC0D59-E0B3-4388-9B4A-ABDF3E0536B4}.Debug|Any CPU.Build.0 = Debug|Any CPU
		{D7FC0D59-E0B3-4388-9B4A-ABDF3E0536B4}.Release|Any CPU.ActiveCfg = Release|Any CPU
		{D7FC0D59-E0B3-4388-9B4A-ABDF3E0536B4}.Release|Any CPU.Build.0 = Release|Any CPU
		{42CB828F-E466-42C7-B0C4-6E3BDB56D328}.Debug|Any CPU.ActiveCfg = Debug|Any CPU
		{42CB828F-E466-42C7-B0C4-6E3BDB56D328}.Debug|Any CPU.Build.0 = Debug|Any CPU
		{42CB828F-E466-42C7-B0C4-6E3BDB56D328}.Release|Any CPU.ActiveCfg = Release|Any CPU
		{42CB828F-E466-42C7-B0C4-6E3BDB56D328}.Release|Any CPU.Build.0 = Release|Any CPU
		{EA6ADAF1-C6B2-4EFC-A0A5-35D0E2DE8DB4}.Debug|Any CPU.ActiveCfg = Debug|Any CPU
		{EA6ADAF1-C6B2-4EFC-A0A5-35D0E2DE8DB4}.Debug|Any CPU.Build.0 = Debug|Any CPU
		{EA6ADAF1-C6B2-4EFC-A0A5-35D0E2DE8DB4}.Release|Any CPU.ActiveCfg = Release|Any CPU
		{EA6ADAF1-C6B2-4EFC-A0A5-35D0E2DE8DB4}.Release|Any CPU.Build.0 = Release|Any CPU
		{65734184-A04C-4509-BF68-6F07CA324104}.Debug|Any CPU.ActiveCfg = Debug|Any CPU
		{65734184-A04C-4509-BF68-6F07CA324104}.Debug|Any CPU.Build.0 = Debug|Any CPU
		{65734184-A04C-4509-BF68-6F07CA324104}.Release|Any CPU.ActiveCfg = Release|Any CPU
		{65734184-A04C-4509-BF68-6F07CA324104}.Release|Any CPU.Build.0 = Release|Any CPU
		{6EFC2069-AFEB-453D-AD2C-3E170486A4F1}.Debug|Any CPU.ActiveCfg = Debug|Any CPU
		{6EFC2069-AFEB-453D-AD2C-3E170486A4F1}.Debug|Any CPU.Build.0 = Debug|Any CPU
		{6EFC2069-AFEB-453D-AD2C-3E170486A4F1}.Release|Any CPU.ActiveCfg = Release|Any CPU
		{6EFC2069-AFEB-453D-AD2C-3E170486A4F1}.Release|Any CPU.Build.0 = Release|Any CPU
		{48B80D63-D8AA-472B-9120-C6338F0B7988}.Debug|Any CPU.ActiveCfg = Debug|Any CPU
		{48B80D63-D8AA-472B-9120-C6338F0B7988}.Debug|Any CPU.Build.0 = Debug|Any CPU
		{48B80D63-D8AA-472B-9120-C6338F0B7988}.Release|Any CPU.ActiveCfg = Release|Any CPU
		{48B80D63-D8AA-472B-9120-C6338F0B7988}.Release|Any CPU.Build.0 = Release|Any CPU
		{E9AAAC4A-A3DA-4695-8074-BFDE4EE03995}.Debug|Any CPU.ActiveCfg = Debug|Any CPU
		{E9AAAC4A-A3DA-4695-8074-BFDE4EE03995}.Debug|Any CPU.Build.0 = Debug|Any CPU
		{E9AAAC4A-A3DA-4695-8074-BFDE4EE03995}.Release|Any CPU.ActiveCfg = Release|Any CPU
		{E9AAAC4A-A3DA-4695-8074-BFDE4EE03995}.Release|Any CPU.Build.0 = Release|Any CPU
		{1486EB4E-FD22-44C4-88DD-8C32AB90AE88}.Debug|Any CPU.ActiveCfg = Debug|Any CPU
		{1486EB4E-FD22-44C4-88DD-8C32AB90AE88}.Debug|Any CPU.Build.0 = Debug|Any CPU
		{1486EB4E-FD22-44C4-88DD-8C32AB90AE88}.Release|Any CPU.ActiveCfg = Release|Any CPU
		{1486EB4E-FD22-44C4-88DD-8C32AB90AE88}.Release|Any CPU.Build.0 = Release|Any CPU
		{B5108924-DDA4-4857-8E15-1ABB0D49C6F6}.Debug|Any CPU.ActiveCfg = Debug|Any CPU
		{B5108924-DDA4-4857-8E15-1ABB0D49C6F6}.Debug|Any CPU.Build.0 = Debug|Any CPU
		{B5108924-DDA4-4857-8E15-1ABB0D49C6F6}.Release|Any CPU.ActiveCfg = Release|Any CPU
		{B5108924-DDA4-4857-8E15-1ABB0D49C6F6}.Release|Any CPU.Build.0 = Release|Any CPU
		{4E041D4E-38DE-469A-B2BA-CB1EC9DE0F71}.Debug|Any CPU.ActiveCfg = Debug|Any CPU
		{4E041D4E-38DE-469A-B2BA-CB1EC9DE0F71}.Debug|Any CPU.Build.0 = Debug|Any CPU
		{4E041D4E-38DE-469A-B2BA-CB1EC9DE0F71}.Release|Any CPU.ActiveCfg = Release|Any CPU
		{4E041D4E-38DE-469A-B2BA-CB1EC9DE0F71}.Release|Any CPU.Build.0 = Release|Any CPU
		{75952D00-54DA-419A-8233-91949D74D9E3}.Debug|Any CPU.ActiveCfg = Debug|Any CPU
		{75952D00-54DA-419A-8233-91949D74D9E3}.Debug|Any CPU.Build.0 = Debug|Any CPU
		{75952D00-54DA-419A-8233-91949D74D9E3}.Release|Any CPU.ActiveCfg = Release|Any CPU
		{75952D00-54DA-419A-8233-91949D74D9E3}.Release|Any CPU.Build.0 = Release|Any CPU
		{433990BB-0B39-4979-A8CE-CED03D13C22F}.Debug|Any CPU.ActiveCfg = Debug|Any CPU
		{433990BB-0B39-4979-A8CE-CED03D13C22F}.Debug|Any CPU.Build.0 = Debug|Any CPU
		{433990BB-0B39-4979-A8CE-CED03D13C22F}.Release|Any CPU.ActiveCfg = Release|Any CPU
		{433990BB-0B39-4979-A8CE-CED03D13C22F}.Release|Any CPU.Build.0 = Release|Any CPU
		{DEAB7EFF-92F5-4DCE-B3AA-31E35083A7E0}.Debug|Any CPU.ActiveCfg = Debug|Any CPU
		{DEAB7EFF-92F5-4DCE-B3AA-31E35083A7E0}.Debug|Any CPU.Build.0 = Debug|Any CPU
		{DEAB7EFF-92F5-4DCE-B3AA-31E35083A7E0}.Release|Any CPU.ActiveCfg = Release|Any CPU
		{DEAB7EFF-92F5-4DCE-B3AA-31E35083A7E0}.Release|Any CPU.Build.0 = Release|Any CPU
		{9FEC0071-8A7C-44C1-91C7-9C1219601B34}.Debug|Any CPU.ActiveCfg = Debug|Any CPU
		{9FEC0071-8A7C-44C1-91C7-9C1219601B34}.Debug|Any CPU.Build.0 = Debug|Any CPU
		{9FEC0071-8A7C-44C1-91C7-9C1219601B34}.Release|Any CPU.ActiveCfg = Release|Any CPU
		{9FEC0071-8A7C-44C1-91C7-9C1219601B34}.Release|Any CPU.Build.0 = Release|Any CPU
		{01FDB3B6-D433-4D85-AEF6-E194742A708D}.Debug|Any CPU.ActiveCfg = Debug|Any CPU
		{01FDB3B6-D433-4D85-AEF6-E194742A708D}.Debug|Any CPU.Build.0 = Debug|Any CPU
		{01FDB3B6-D433-4D85-AEF6-E194742A708D}.Release|Any CPU.ActiveCfg = Release|Any CPU
		{01FDB3B6-D433-4D85-AEF6-E194742A708D}.Release|Any CPU.Build.0 = Release|Any CPU
		{E47F0C5B-F775-44B4-9E2E-E4C044864125}.Debug|Any CPU.ActiveCfg = Debug|Any CPU
		{E47F0C5B-F775-44B4-9E2E-E4C044864125}.Debug|Any CPU.Build.0 = Debug|Any CPU
		{E47F0C5B-F775-44B4-9E2E-E4C044864125}.Release|Any CPU.ActiveCfg = Release|Any CPU
		{E47F0C5B-F775-44B4-9E2E-E4C044864125}.Release|Any CPU.Build.0 = Release|Any CPU
		{C4D8DDAE-6A41-479D-8DC7-652FEA918741}.Debug|Any CPU.ActiveCfg = Debug|Any CPU
		{C4D8DDAE-6A41-479D-8DC7-652FEA918741}.Debug|Any CPU.Build.0 = Debug|Any CPU
		{C4D8DDAE-6A41-479D-8DC7-652FEA918741}.Release|Any CPU.ActiveCfg = Release|Any CPU
		{C4D8DDAE-6A41-479D-8DC7-652FEA918741}.Release|Any CPU.Build.0 = Release|Any CPU
		{9E7FD106-8434-41ED-8DB1-10761C25A25C}.Debug|Any CPU.ActiveCfg = Debug|Any CPU
		{9E7FD106-8434-41ED-8DB1-10761C25A25C}.Debug|Any CPU.Build.0 = Debug|Any CPU
		{9E7FD106-8434-41ED-8DB1-10761C25A25C}.Release|Any CPU.ActiveCfg = Release|Any CPU
		{9E7FD106-8434-41ED-8DB1-10761C25A25C}.Release|Any CPU.Build.0 = Release|Any CPU
		{5E5C6503-E141-4DEC-A930-58C0E4DE0D30}.Debug|Any CPU.ActiveCfg = Debug|Any CPU
		{5E5C6503-E141-4DEC-A930-58C0E4DE0D30}.Debug|Any CPU.Build.0 = Debug|Any CPU
		{5E5C6503-E141-4DEC-A930-58C0E4DE0D30}.Release|Any CPU.ActiveCfg = Release|Any CPU
		{5E5C6503-E141-4DEC-A930-58C0E4DE0D30}.Release|Any CPU.Build.0 = Release|Any CPU
		{02770C8F-02F2-4501-BA4B-A0A3B7662C75}.Debug|Any CPU.ActiveCfg = Debug|Any CPU
		{02770C8F-02F2-4501-BA4B-A0A3B7662C75}.Debug|Any CPU.Build.0 = Debug|Any CPU
		{02770C8F-02F2-4501-BA4B-A0A3B7662C75}.Release|Any CPU.ActiveCfg = Release|Any CPU
		{02770C8F-02F2-4501-BA4B-A0A3B7662C75}.Release|Any CPU.Build.0 = Release|Any CPU
		{DA365183-B83D-4F73-A5BB-D8B0DF4EE52B}.Debug|Any CPU.ActiveCfg = Debug|Any CPU
		{DA365183-B83D-4F73-A5BB-D8B0DF4EE52B}.Debug|Any CPU.Build.0 = Debug|Any CPU
		{DA365183-B83D-4F73-A5BB-D8B0DF4EE52B}.Release|Any CPU.ActiveCfg = Release|Any CPU
		{DA365183-B83D-4F73-A5BB-D8B0DF4EE52B}.Release|Any CPU.Build.0 = Release|Any CPU
		{DDC6B014-63C7-41EA-9CF0-9E5BEB7F6977}.Debug|Any CPU.ActiveCfg = Debug|Any CPU
		{DDC6B014-63C7-41EA-9CF0-9E5BEB7F6977}.Debug|Any CPU.Build.0 = Debug|Any CPU
		{DDC6B014-63C7-41EA-9CF0-9E5BEB7F6977}.Release|Any CPU.ActiveCfg = Release|Any CPU
		{DDC6B014-63C7-41EA-9CF0-9E5BEB7F6977}.Release|Any CPU.Build.0 = Release|Any CPU
		{0CA27AD5-540A-4CC6-A9F4-18634716D096}.Debug|Any CPU.ActiveCfg = Debug|Any CPU
		{0CA27AD5-540A-4CC6-A9F4-18634716D096}.Debug|Any CPU.Build.0 = Debug|Any CPU
		{0CA27AD5-540A-4CC6-A9F4-18634716D096}.Release|Any CPU.ActiveCfg = Release|Any CPU
		{0CA27AD5-540A-4CC6-A9F4-18634716D096}.Release|Any CPU.Build.0 = Release|Any CPU
		{93F9B582-2B31-45A1-B28B-96BEEF735B3C}.Debug|Any CPU.ActiveCfg = Debug|Any CPU
		{93F9B582-2B31-45A1-B28B-96BEEF735B3C}.Debug|Any CPU.Build.0 = Debug|Any CPU
		{93F9B582-2B31-45A1-B28B-96BEEF735B3C}.Release|Any CPU.ActiveCfg = Release|Any CPU
		{93F9B582-2B31-45A1-B28B-96BEEF735B3C}.Release|Any CPU.Build.0 = Release|Any CPU
		{F087E239-018F-46D3-A0A3-3ED43CE745EB}.Debug|Any CPU.ActiveCfg = Debug|Any CPU
		{F087E239-018F-46D3-A0A3-3ED43CE745EB}.Debug|Any CPU.Build.0 = Debug|Any CPU
		{F087E239-018F-46D3-A0A3-3ED43CE745EB}.Release|Any CPU.ActiveCfg = Release|Any CPU
		{F087E239-018F-46D3-A0A3-3ED43CE745EB}.Release|Any CPU.Build.0 = Release|Any CPU
		{487447FD-AFC7-4A10-B140-1ECCD9C1741D}.Debug|Any CPU.ActiveCfg = Debug|Any CPU
		{487447FD-AFC7-4A10-B140-1ECCD9C1741D}.Debug|Any CPU.Build.0 = Debug|Any CPU
		{487447FD-AFC7-4A10-B140-1ECCD9C1741D}.Release|Any CPU.ActiveCfg = Release|Any CPU
		{487447FD-AFC7-4A10-B140-1ECCD9C1741D}.Release|Any CPU.Build.0 = Release|Any CPU
		{66201AEC-C0C9-49DC-AB78-B8B8235A6607}.Debug|Any CPU.ActiveCfg = Debug|Any CPU
		{66201AEC-C0C9-49DC-AB78-B8B8235A6607}.Debug|Any CPU.Build.0 = Debug|Any CPU
		{66201AEC-C0C9-49DC-AB78-B8B8235A6607}.Release|Any CPU.ActiveCfg = Release|Any CPU
		{66201AEC-C0C9-49DC-AB78-B8B8235A6607}.Release|Any CPU.Build.0 = Release|Any CPU
		{4C6F499C-E183-4FC7-9F14-C94B2DA3F443}.Debug|Any CPU.ActiveCfg = Debug|Any CPU
		{4C6F499C-E183-4FC7-9F14-C94B2DA3F443}.Debug|Any CPU.Build.0 = Debug|Any CPU
		{4C6F499C-E183-4FC7-9F14-C94B2DA3F443}.Release|Any CPU.ActiveCfg = Release|Any CPU
		{4C6F499C-E183-4FC7-9F14-C94B2DA3F443}.Release|Any CPU.Build.0 = Release|Any CPU
		{2322469D-7D54-4C76-97E2-EF40F15645F5}.Debug|Any CPU.ActiveCfg = Debug|Any CPU
		{2322469D-7D54-4C76-97E2-EF40F15645F5}.Debug|Any CPU.Build.0 = Debug|Any CPU
		{2322469D-7D54-4C76-97E2-EF40F15645F5}.Release|Any CPU.ActiveCfg = Release|Any CPU
		{2322469D-7D54-4C76-97E2-EF40F15645F5}.Release|Any CPU.Build.0 = Release|Any CPU
		{DCB067DB-E581-4F90-85DF-ACF9C6B42AD4}.Debug|Any CPU.ActiveCfg = Debug|Any CPU
		{DCB067DB-E581-4F90-85DF-ACF9C6B42AD4}.Debug|Any CPU.Build.0 = Debug|Any CPU
		{DCB067DB-E581-4F90-85DF-ACF9C6B42AD4}.Release|Any CPU.ActiveCfg = Release|Any CPU
		{DCB067DB-E581-4F90-85DF-ACF9C6B42AD4}.Release|Any CPU.Build.0 = Release|Any CPU
		{BD628B04-C2DF-458A-8406-6BB60729FC1C}.Debug|Any CPU.ActiveCfg = Debug|Any CPU
		{BD628B04-C2DF-458A-8406-6BB60729FC1C}.Debug|Any CPU.Build.0 = Debug|Any CPU
		{BD628B04-C2DF-458A-8406-6BB60729FC1C}.Release|Any CPU.ActiveCfg = Release|Any CPU
		{BD628B04-C2DF-458A-8406-6BB60729FC1C}.Release|Any CPU.Build.0 = Release|Any CPU
		{CACE5337-D31B-4AF2-ACF5-C98CA01DB1F7}.Debug|Any CPU.ActiveCfg = Debug|Any CPU
		{CACE5337-D31B-4AF2-ACF5-C98CA01DB1F7}.Debug|Any CPU.Build.0 = Debug|Any CPU
		{CACE5337-D31B-4AF2-ACF5-C98CA01DB1F7}.Release|Any CPU.ActiveCfg = Release|Any CPU
		{CACE5337-D31B-4AF2-ACF5-C98CA01DB1F7}.Release|Any CPU.Build.0 = Release|Any CPU
		{197A078F-F42F-4F87-B8B2-463129ED4797}.Debug|Any CPU.ActiveCfg = Debug|Any CPU
		{197A078F-F42F-4F87-B8B2-463129ED4797}.Debug|Any CPU.Build.0 = Debug|Any CPU
		{197A078F-F42F-4F87-B8B2-463129ED4797}.Release|Any CPU.ActiveCfg = Release|Any CPU
		{197A078F-F42F-4F87-B8B2-463129ED4797}.Release|Any CPU.Build.0 = Release|Any CPU
		{075765EF-E0DF-45D4-86E3-5DE2AFBAE5F5}.Debug|Any CPU.ActiveCfg = Debug|Any CPU
		{075765EF-E0DF-45D4-86E3-5DE2AFBAE5F5}.Debug|Any CPU.Build.0 = Debug|Any CPU
		{075765EF-E0DF-45D4-86E3-5DE2AFBAE5F5}.Release|Any CPU.ActiveCfg = Release|Any CPU
		{075765EF-E0DF-45D4-86E3-5DE2AFBAE5F5}.Release|Any CPU.Build.0 = Release|Any CPU
	EndGlobalSection
	GlobalSection(SolutionProperties) = preSolution
		HideSolutionNode = FALSE
	EndGlobalSection
	GlobalSection(NestedProjects) = preSolution
		{EBC684B7-B72A-475F-BBC1-B6293B607B9B} = {D2A3ECA9-064A-44A1-95EE-37AB350D303C}
		{7CA0F96C-7FF4-44B2-9D44-851984DF4532} = {D2A3ECA9-064A-44A1-95EE-37AB350D303C}
		{F1239C4B-CA5F-4B5E-83AC-DA686E81030F} = {D9A6588C-AAAB-4488-BEB8-DBBE12BC28BF}
		{A8285E35-48F8-45CC-961C-282678230221} = {D2A3ECA9-064A-44A1-95EE-37AB350D303C}
		{C4ECB85D-AD08-45D3-9FDF-F0FE9A797644} = {D2A3ECA9-064A-44A1-95EE-37AB350D303C}
		{DE2CAF87-C133-4C6A-BFBF-BCBA4D1B8130} = {D9A6588C-AAAB-4488-BEB8-DBBE12BC28BF}
		{A46F638C-C9C5-49BE-BC8D-8144E8C8F87A} = {D2A3ECA9-064A-44A1-95EE-37AB350D303C}
		{EE5AD8E7-4D3E-462D-AF0B-38430185396F} = {89D37C8B-9A73-45AB-A4C0-E91DC1A6D5CA}
		{EC8E01A2-76C8-453A-B957-F83265778971} = {76075218-7249-4C01-A184-35E066952A8F}
		{8ADBAD22-F161-438A-AF0C-4116B670A392} = {76075218-7249-4C01-A184-35E066952A8F}
		{F7EC0A7A-49CD-4D63-B755-BF539ADCF688} = {76075218-7249-4C01-A184-35E066952A8F}
		{86AB4502-9B73-43B5-8A20-F01AADE0EDA4} = {76075218-7249-4C01-A184-35E066952A8F}
		{728C0259-1B2E-4026-9021-C24EC256206F} = {76075218-7249-4C01-A184-35E066952A8F}
		{868E706B-107E-4422-A1B2-40A0620DD70B} = {76075218-7249-4C01-A184-35E066952A8F}
		{FA554A72-BDFD-46F3-9526-45AB23CC9087} = {76075218-7249-4C01-A184-35E066952A8F}
		{0EE746D4-F0AB-4581-A367-CA964CCE394F} = {76075218-7249-4C01-A184-35E066952A8F}
		{C78BFC13-E956-4229-A2FF-7D95AC9CA74F} = {76075218-7249-4C01-A184-35E066952A8F}
		{DEADC17E-4C51-48D7-9AEA-F8DAE3090C74} = {76075218-7249-4C01-A184-35E066952A8F}
		{303087BA-00C2-452D-907C-54C94F42A588} = {76075218-7249-4C01-A184-35E066952A8F}
		{E2111B66-1BFF-4F1B-8FA9-EFAEA444FAD7} = {76075218-7249-4C01-A184-35E066952A8F}
		{4DC7AF1E-43A0-4D36-85AE-80B1BED556F8} = {76075218-7249-4C01-A184-35E066952A8F}
		{A0310B59-9025-4394-90FF-777194481CDD} = {76075218-7249-4C01-A184-35E066952A8F}
		{774D0E71-1848-4074-B537-F182FEFED717} = {76075218-7249-4C01-A184-35E066952A8F}
		{A486B8A5-ADA5-4959-8A49-7C7DE185E4DC} = {76075218-7249-4C01-A184-35E066952A8F}
		{42CB828F-E466-42C7-B0C4-6E3BDB56D328} = {76075218-7249-4C01-A184-35E066952A8F}
		{EA6ADAF1-C6B2-4EFC-A0A5-35D0E2DE8DB4} = {76075218-7249-4C01-A184-35E066952A8F}
		{65734184-A04C-4509-BF68-6F07CA324104} = {DA71DF4B-1976-4716-B2F3-D361BC234729}
		{6EFC2069-AFEB-453D-AD2C-3E170486A4F1} = {D9A6588C-AAAB-4488-BEB8-DBBE12BC28BF}
		{48B80D63-D8AA-472B-9120-C6338F0B7988} = {D9A6588C-AAAB-4488-BEB8-DBBE12BC28BF}
		{E9AAAC4A-A3DA-4695-8074-BFDE4EE03995} = {DA71DF4B-1976-4716-B2F3-D361BC234729}
		{1486EB4E-FD22-44C4-88DD-8C32AB90AE88} = {DA71DF4B-1976-4716-B2F3-D361BC234729}
		{B5108924-DDA4-4857-8E15-1ABB0D49C6F6} = {DA71DF4B-1976-4716-B2F3-D361BC234729}
		{4E041D4E-38DE-469A-B2BA-CB1EC9DE0F71} = {DA71DF4B-1976-4716-B2F3-D361BC234729}
		{75952D00-54DA-419A-8233-91949D74D9E3} = {D9A6588C-AAAB-4488-BEB8-DBBE12BC28BF}
		{9FEC0071-8A7C-44C1-91C7-9C1219601B34} = {76075218-7249-4C01-A184-35E066952A8F}
		{01FDB3B6-D433-4D85-AEF6-E194742A708D} = {76075218-7249-4C01-A184-35E066952A8F}
		{2F5C5276-823F-4C7D-B95A-3EFD75C7B0C5} = {9F13A82A-0A67-4BA9-A2DE-6560A62FDCE1}
		{E47F0C5B-F775-44B4-9E2E-E4C044864125} = {76075218-7249-4C01-A184-35E066952A8F}
		{C4D8DDAE-6A41-479D-8DC7-652FEA918741} = {76075218-7249-4C01-A184-35E066952A8F}
		{9E7FD106-8434-41ED-8DB1-10761C25A25C} = {DA71DF4B-1976-4716-B2F3-D361BC234729}
		{5E5C6503-E141-4DEC-A930-58C0E4DE0D30} = {DA71DF4B-1976-4716-B2F3-D361BC234729}
		{02770C8F-02F2-4501-BA4B-A0A3B7662C75} = {DA71DF4B-1976-4716-B2F3-D361BC234729}
		{DA365183-B83D-4F73-A5BB-D8B0DF4EE52B} = {76075218-7249-4C01-A184-35E066952A8F}
		{DDC6B014-63C7-41EA-9CF0-9E5BEB7F6977} = {76075218-7249-4C01-A184-35E066952A8F}
		{0CA27AD5-540A-4CC6-A9F4-18634716D096} = {76075218-7249-4C01-A184-35E066952A8F}
		{93F9B582-2B31-45A1-B28B-96BEEF735B3C} = {76075218-7249-4C01-A184-35E066952A8F}
		{F087E239-018F-46D3-A0A3-3ED43CE745EB} = {D9A6588C-AAAB-4488-BEB8-DBBE12BC28BF}
		{487447FD-AFC7-4A10-B140-1ECCD9C1741D} = {D9A6588C-AAAB-4488-BEB8-DBBE12BC28BF}
		{66201AEC-C0C9-49DC-AB78-B8B8235A6607} = {89D37C8B-9A73-45AB-A4C0-E91DC1A6D5CA}
		{4C6F499C-E183-4FC7-9F14-C94B2DA3F443} = {D2A3ECA9-064A-44A1-95EE-37AB350D303C}
		{2322469D-7D54-4C76-97E2-EF40F15645F5} = {D2A3ECA9-064A-44A1-95EE-37AB350D303C}
		{DCB067DB-E581-4F90-85DF-ACF9C6B42AD4} = {89D37C8B-9A73-45AB-A4C0-E91DC1A6D5CA}
		{8237A533-D176-4BB1-86F7-F07C7AEFBA03} = {9F13A82A-0A67-4BA9-A2DE-6560A62FDCE1}
		{C71676EF-83E3-4549-B43E-F3CEAE4FABC7} = {9F13A82A-0A67-4BA9-A2DE-6560A62FDCE1}
		{197A078F-F42F-4F87-B8B2-463129ED4797} = {76075218-7249-4C01-A184-35E066952A8F}
		{075765EF-E0DF-45D4-86E3-5DE2AFBAE5F5} = {76075218-7249-4C01-A184-35E066952A8F}
		{FA93727B-56AC-452A-8F91-F09C6620134F} = {9F13A82A-0A67-4BA9-A2DE-6560A62FDCE1}
		{EE369BF1-62B4-40CD-83DA-467710B4E376} = {8237A533-D176-4BB1-86F7-F07C7AEFBA03}
	EndGlobalSection
EndGlobal
