
Microsoft Visual Studio Solution File, Format Version 12.00
# Visual Studio 14
VisualStudioVersion = 14.0.25420.1
MinimumVisualStudioVersion = 10.0.40219.1
Project("{2150E333-8FDC-42A3-9474-1A3956D46DE8}") = ".files", ".files", "{9F13A82A-0A67-4BA9-A2DE-6560A62FDCE1}"
	ProjectSection(SolutionItems) = preProject
		README.md = README.md
	EndProjectSection
EndProject
Project("{FAE04EC0-301F-11D3-BF4B-00C04F79EFBC}") = "InfinniPlatform.ServiceHost", "InfinniPlatform.ServiceHost\InfinniPlatform.ServiceHost.csproj", "{EE5AD8E7-4D3E-462D-AF0B-38430185396F}"
EndProject
Project("{FAE04EC0-301F-11D3-BF4B-00C04F79EFBC}") = "InfinniPlatform.Core", "InfinniPlatform.Core\InfinniPlatform.Core.csproj", "{EBC684B7-B72A-475F-BBC1-B6293B607B9B}"
EndProject
Project("{FAE04EC0-301F-11D3-BF4B-00C04F79EFBC}") = "InfinniPlatform.MessageQueue", "InfinniPlatform.MessageQueue\InfinniPlatform.MessageQueue.csproj", "{E14CCE42-2563-4C36-919F-B389FF87EA65}"
EndProject
Project("{FAE04EC0-301F-11D3-BF4B-00C04F79EFBC}") = "InfinniPlatform.Core.Tests", "InfinniPlatform.Core.Tests\InfinniPlatform.Core.Tests.csproj", "{A8285E35-48F8-45CC-961C-282678230221}"
EndProject
Project("{FAE04EC0-301F-11D3-BF4B-00C04F79EFBC}") = "InfinniPlatform.MessageQueue.Tests", "InfinniPlatform.MessageQueue.Tests\InfinniPlatform.MessageQueue.Tests.csproj", "{21B5752E-D14B-45FF-B13E-9F435B9283AF}"
EndProject
Project("{FAE04EC0-301F-11D3-BF4B-00C04F79EFBC}") = "InfinniPlatform.Tests", "InfinniPlatform.Tests\InfinniPlatform.Tests.csproj", "{A46F638C-C9C5-49BE-BC8D-8144E8C8F87A}"
EndProject
Project("{FAE04EC0-301F-11D3-BF4B-00C04F79EFBC}") = "InfinniPlatform.BlobStorage", "InfinniPlatform.BlobStorage\InfinniPlatform.BlobStorage.csproj", "{3BCBCD4C-1155-464E-B020-51FA57B5E9B3}"
EndProject
Project("{2150E333-8FDC-42A3-9474-1A3956D46DE8}") = "Core", "Core", "{D2A3ECA9-064A-44A1-95EE-37AB350D303C}"
EndProject
Project("{FAE04EC0-301F-11D3-BF4B-00C04F79EFBC}") = "InfinniPlatform.BlobStorage.Tests", "InfinniPlatform.BlobStorage.Tests\InfinniPlatform.BlobStorage.Tests.csproj", "{9FEC95AF-5DF1-42EC-8F6A-5F0D85AA4A71}"
EndProject
Project("{FAE04EC0-301F-11D3-BF4B-00C04F79EFBC}") = "InfinniPlatform.SignalR", "InfinniPlatform.SignalR\InfinniPlatform.SignalR.csproj", "{C78BFC13-E956-4229-A2FF-7D95AC9CA74F}"
EndProject
Project("{FAE04EC0-301F-11D3-BF4B-00C04F79EFBC}") = "InfinniPlatform.Owin", "InfinniPlatform.Owin\InfinniPlatform.Owin.csproj", "{DEADC17E-4C51-48D7-9AEA-F8DAE3090C74}"
EndProject
Project("{FAE04EC0-301F-11D3-BF4B-00C04F79EFBC}") = "InfinniPlatform.Cors", "InfinniPlatform.Cors\InfinniPlatform.Cors.csproj", "{303087BA-00C2-452D-907C-54C94F42A588}"
EndProject
Project("{FAE04EC0-301F-11D3-BF4B-00C04F79EFBC}") = "InfinniPlatform.Cors.Tests", "InfinniPlatform.Cors.Tests\InfinniPlatform.Cors.Tests.csproj", "{E2111B66-1BFF-4F1B-8FA9-EFAEA444FAD7}"
EndProject
Project("{FAE04EC0-301F-11D3-BF4B-00C04F79EFBC}") = "InfinniPlatform.Owin.Tests", "InfinniPlatform.Owin.Tests\InfinniPlatform.Owin.Tests.csproj", "{4DC7AF1E-43A0-4D36-85AE-80B1BED556F8}"
EndProject
Project("{FAE04EC0-301F-11D3-BF4B-00C04F79EFBC}") = "InfinniPlatform.SignalR.Tests", "InfinniPlatform.SignalR.Tests\InfinniPlatform.SignalR.Tests.csproj", "{A0310B59-9025-4394-90FF-777194481CDD}"
EndProject
Project("{FAE04EC0-301F-11D3-BF4B-00C04F79EFBC}") = "InfinniPlatform.Authentication", "InfinniPlatform.Authentication\InfinniPlatform.Authentication.csproj", "{9FEC0071-8A7C-44C1-91C7-9C1219601B34}"
EndProject
Project("{FAE04EC0-301F-11D3-BF4B-00C04F79EFBC}") = "InfinniPlatform.Authentication.Tests", "InfinniPlatform.Authentication.Tests\InfinniPlatform.Authentication.Tests.csproj", "{01FDB3B6-D433-4D85-AEF6-E194742A708D}"
EndProject
Project("{2150E333-8FDC-42A3-9474-1A3956D46DE8}") = "Tools", "Tools", "{89D37C8B-9A73-45AB-A4C0-E91DC1A6D5CA}"
EndProject
Project("{FAE04EC0-301F-11D3-BF4B-00C04F79EFBC}") = "InfinniPlatform.FlowDocument", "InfinniPlatform.FlowDocument\InfinniPlatform.FlowDocument.csproj", "{E47F0C5B-F775-44B4-9E2E-E4C044864125}"
EndProject
Project("{FAE04EC0-301F-11D3-BF4B-00C04F79EFBC}") = "InfinniPlatform.FlowDocument.Tests", "InfinniPlatform.FlowDocument.Tests\InfinniPlatform.FlowDocument.Tests.csproj", "{C4D8DDAE-6A41-479D-8DC7-652FEA918741}"
EndProject
Project("{FAE04EC0-301F-11D3-BF4B-00C04F79EFBC}") = "InfinniPlatform.Expressions", "InfinniPlatform.Expressions\InfinniPlatform.Expressions.csproj", "{0CA27AD5-540A-4CC6-A9F4-18634716D096}"
EndProject
Project("{FAE04EC0-301F-11D3-BF4B-00C04F79EFBC}") = "InfinniPlatform.Expressions.Tests", "InfinniPlatform.Expressions.Tests\InfinniPlatform.Expressions.Tests.csproj", "{93F9B582-2B31-45A1-B28B-96BEEF735B3C}"
EndProject
Project("{FAE04EC0-301F-11D3-BF4B-00C04F79EFBC}") = "InfinniPlatform.Sdk.Tests", "InfinniPlatform.Sdk.Tests\InfinniPlatform.Sdk.Tests.csproj", "{4C6F499C-E183-4FC7-9F14-C94B2DA3F443}"
EndProject
Project("{FAE04EC0-301F-11D3-BF4B-00C04F79EFBC}") = "InfinniPlatform.Sdk", "InfinniPlatform.Sdk\InfinniPlatform.Sdk.csproj", "{2322469D-7D54-4C76-97E2-EF40F15645F5}"
EndProject
Project("{FAE04EC0-301F-11D3-BF4B-00C04F79EFBC}") = "InfinniPlatform.NodeServiceHost", "InfinniPlatform.NodeServiceHost\InfinniPlatform.NodeServiceHost.csproj", "{DCB067DB-E581-4F90-85DF-ACF9C6B42AD4}"
EndProject
Project("{FAE04EC0-301F-11D3-BF4B-00C04F79EFBC}") = "InfinniPlatform.Caching", "InfinniPlatform.Caching\InfinniPlatform.Caching.csproj", "{BD628B04-C2DF-458A-8406-6BB60729FC1C}"
EndProject
Project("{FAE04EC0-301F-11D3-BF4B-00C04F79EFBC}") = "InfinniPlatform.Caching.Tests", "InfinniPlatform.Caching.Tests\InfinniPlatform.Caching.Tests.csproj", "{CACE5337-D31B-4AF2-ACF5-C98CA01DB1F7}"
EndProject
Project("{2150E333-8FDC-42A3-9474-1A3956D46DE8}") = "Packaging", "Packaging", "{8237A533-D176-4BB1-86F7-F07C7AEFBA03}"
	ProjectSection(SolutionItems) = preProject
		Files\Packaging\BuildNupkg.bat = Files\Packaging\BuildNupkg.bat
		Files\Packaging\BuildNupkg.ps1 = Files\Packaging\BuildNupkg.ps1
		Files\Packaging\BuildSymbols.ps1 = Files\Packaging\BuildSymbols.ps1
		Files\Packaging\CreateNuspec.ps1 = Files\Packaging\CreateNuspec.ps1
		Files\Packaging\GlobalAssemblyInfo.cs = Files\Packaging\GlobalAssemblyInfo.cs
	EndProjectSection
EndProject
Project("{2150E333-8FDC-42A3-9474-1A3956D46DE8}") = "Monitoring", "Monitoring", "{C71676EF-83E3-4549-B43E-F3CEAE4FABC7}"
	ProjectSection(SolutionItems) = preProject
		Files\Monitoring\AppLog.config = Files\Monitoring\AppLog.config
		Files\Monitoring\Inf.logstash.rb = Files\Monitoring\Inf.logstash.rb
		Files\Monitoring\Inf.Monitor.kibana.json = Files\Monitoring\Inf.Monitor.kibana.json
		Files\Monitoring\Inf.Performance.kibana.json = Files\Monitoring\Inf.Performance.kibana.json
	EndProjectSection
EndProject
Project("{FAE04EC0-301F-11D3-BF4B-00C04F79EFBC}") = "InfinniPlatform.IoC", "InfinniPlatform.IoC\InfinniPlatform.IoC.csproj", "{197A078F-F42F-4F87-B8B2-463129ED4797}"
EndProject
Project("{FAE04EC0-301F-11D3-BF4B-00C04F79EFBC}") = "InfinniPlatform.IoC.Tests", "InfinniPlatform.IoC.Tests\InfinniPlatform.IoC.Tests.csproj", "{075765EF-E0DF-45D4-86E3-5DE2AFBAE5F5}"
EndProject
Project("{2150E333-8FDC-42A3-9474-1A3956D46DE8}") = "Config", "Config", "{FA93727B-56AC-452A-8F91-F09C6620134F}"
	ProjectSection(SolutionItems) = preProject
		Files\Config\App.config = Files\Config\App.config
		Files\Config\AppCommon.json = Files\Config\AppCommon.json
		Files\Config\AppExtension.json = Files\Config\AppExtension.json
	EndProjectSection
EndProject
Project("{FAE04EC0-301F-11D3-BF4B-00C04F79EFBC}") = "InfinniPlatform.DocumentStorage", "InfinniPlatform.DocumentStorage\InfinniPlatform.DocumentStorage.csproj", "{8EAF5465-16FB-456F-B562-6E4F38DD8885}"
EndProject
Project("{FAE04EC0-301F-11D3-BF4B-00C04F79EFBC}") = "InfinniPlatform.DocumentStorage.Tests", "InfinniPlatform.DocumentStorage.Tests\InfinniPlatform.DocumentStorage.Tests.csproj", "{9FFB8E79-04EF-4840-920F-1FCDFA8E84FF}"
EndProject
Global
	GlobalSection(SolutionConfigurationPlatforms) = preSolution
		Debug|Any CPU = Debug|Any CPU
		Release|Any CPU = Release|Any CPU
	EndGlobalSection
	GlobalSection(ProjectConfigurationPlatforms) = postSolution
		{EE5AD8E7-4D3E-462D-AF0B-38430185396F}.Debug|Any CPU.ActiveCfg = Debug|Any CPU
		{EE5AD8E7-4D3E-462D-AF0B-38430185396F}.Debug|Any CPU.Build.0 = Debug|Any CPU
		{EE5AD8E7-4D3E-462D-AF0B-38430185396F}.Release|Any CPU.ActiveCfg = Release|Any CPU
		{EE5AD8E7-4D3E-462D-AF0B-38430185396F}.Release|Any CPU.Build.0 = Release|Any CPU
		{EBC684B7-B72A-475F-BBC1-B6293B607B9B}.Debug|Any CPU.ActiveCfg = Debug|Any CPU
		{EBC684B7-B72A-475F-BBC1-B6293B607B9B}.Debug|Any CPU.Build.0 = Debug|Any CPU
		{EBC684B7-B72A-475F-BBC1-B6293B607B9B}.Release|Any CPU.ActiveCfg = Release|Any CPU
		{EBC684B7-B72A-475F-BBC1-B6293B607B9B}.Release|Any CPU.Build.0 = Release|Any CPU
		{E14CCE42-2563-4C36-919F-B389FF87EA65}.Debug|Any CPU.ActiveCfg = Debug|Any CPU
		{E14CCE42-2563-4C36-919F-B389FF87EA65}.Debug|Any CPU.Build.0 = Debug|Any CPU
		{E14CCE42-2563-4C36-919F-B389FF87EA65}.Release|Any CPU.ActiveCfg = Release|Any CPU
		{E14CCE42-2563-4C36-919F-B389FF87EA65}.Release|Any CPU.Build.0 = Release|Any CPU
		{A8285E35-48F8-45CC-961C-282678230221}.Debug|Any CPU.ActiveCfg = Debug|Any CPU
		{A8285E35-48F8-45CC-961C-282678230221}.Debug|Any CPU.Build.0 = Debug|Any CPU
		{A8285E35-48F8-45CC-961C-282678230221}.Release|Any CPU.ActiveCfg = Release|Any CPU
		{A8285E35-48F8-45CC-961C-282678230221}.Release|Any CPU.Build.0 = Release|Any CPU
		{21B5752E-D14B-45FF-B13E-9F435B9283AF}.Debug|Any CPU.ActiveCfg = Debug|Any CPU
		{21B5752E-D14B-45FF-B13E-9F435B9283AF}.Debug|Any CPU.Build.0 = Debug|Any CPU
		{21B5752E-D14B-45FF-B13E-9F435B9283AF}.Release|Any CPU.ActiveCfg = Release|Any CPU
		{21B5752E-D14B-45FF-B13E-9F435B9283AF}.Release|Any CPU.Build.0 = Release|Any CPU
		{A46F638C-C9C5-49BE-BC8D-8144E8C8F87A}.Debug|Any CPU.ActiveCfg = Debug|Any CPU
		{A46F638C-C9C5-49BE-BC8D-8144E8C8F87A}.Debug|Any CPU.Build.0 = Debug|Any CPU
		{A46F638C-C9C5-49BE-BC8D-8144E8C8F87A}.Release|Any CPU.ActiveCfg = Release|Any CPU
		{A46F638C-C9C5-49BE-BC8D-8144E8C8F87A}.Release|Any CPU.Build.0 = Release|Any CPU
		{3BCBCD4C-1155-464E-B020-51FA57B5E9B3}.Debug|Any CPU.ActiveCfg = Debug|Any CPU
		{3BCBCD4C-1155-464E-B020-51FA57B5E9B3}.Debug|Any CPU.Build.0 = Debug|Any CPU
		{3BCBCD4C-1155-464E-B020-51FA57B5E9B3}.Release|Any CPU.ActiveCfg = Release|Any CPU
		{3BCBCD4C-1155-464E-B020-51FA57B5E9B3}.Release|Any CPU.Build.0 = Release|Any CPU
		{9FEC95AF-5DF1-42EC-8F6A-5F0D85AA4A71}.Debug|Any CPU.ActiveCfg = Debug|Any CPU
		{9FEC95AF-5DF1-42EC-8F6A-5F0D85AA4A71}.Debug|Any CPU.Build.0 = Debug|Any CPU
		{9FEC95AF-5DF1-42EC-8F6A-5F0D85AA4A71}.Release|Any CPU.ActiveCfg = Release|Any CPU
		{9FEC95AF-5DF1-42EC-8F6A-5F0D85AA4A71}.Release|Any CPU.Build.0 = Release|Any CPU
		{C78BFC13-E956-4229-A2FF-7D95AC9CA74F}.Debug|Any CPU.ActiveCfg = Debug|Any CPU
		{C78BFC13-E956-4229-A2FF-7D95AC9CA74F}.Debug|Any CPU.Build.0 = Debug|Any CPU
		{C78BFC13-E956-4229-A2FF-7D95AC9CA74F}.Release|Any CPU.ActiveCfg = Release|Any CPU
		{C78BFC13-E956-4229-A2FF-7D95AC9CA74F}.Release|Any CPU.Build.0 = Release|Any CPU
		{DEADC17E-4C51-48D7-9AEA-F8DAE3090C74}.Debug|Any CPU.ActiveCfg = Debug|Any CPU
		{DEADC17E-4C51-48D7-9AEA-F8DAE3090C74}.Debug|Any CPU.Build.0 = Debug|Any CPU
		{DEADC17E-4C51-48D7-9AEA-F8DAE3090C74}.Release|Any CPU.ActiveCfg = Release|Any CPU
		{DEADC17E-4C51-48D7-9AEA-F8DAE3090C74}.Release|Any CPU.Build.0 = Release|Any CPU
		{303087BA-00C2-452D-907C-54C94F42A588}.Debug|Any CPU.ActiveCfg = Debug|Any CPU
		{303087BA-00C2-452D-907C-54C94F42A588}.Debug|Any CPU.Build.0 = Debug|Any CPU
		{303087BA-00C2-452D-907C-54C94F42A588}.Release|Any CPU.ActiveCfg = Release|Any CPU
		{303087BA-00C2-452D-907C-54C94F42A588}.Release|Any CPU.Build.0 = Release|Any CPU
		{E2111B66-1BFF-4F1B-8FA9-EFAEA444FAD7}.Debug|Any CPU.ActiveCfg = Debug|Any CPU
		{E2111B66-1BFF-4F1B-8FA9-EFAEA444FAD7}.Debug|Any CPU.Build.0 = Debug|Any CPU
		{E2111B66-1BFF-4F1B-8FA9-EFAEA444FAD7}.Release|Any CPU.ActiveCfg = Release|Any CPU
		{E2111B66-1BFF-4F1B-8FA9-EFAEA444FAD7}.Release|Any CPU.Build.0 = Release|Any CPU
		{4DC7AF1E-43A0-4D36-85AE-80B1BED556F8}.Debug|Any CPU.ActiveCfg = Debug|Any CPU
		{4DC7AF1E-43A0-4D36-85AE-80B1BED556F8}.Debug|Any CPU.Build.0 = Debug|Any CPU
		{4DC7AF1E-43A0-4D36-85AE-80B1BED556F8}.Release|Any CPU.ActiveCfg = Release|Any CPU
		{4DC7AF1E-43A0-4D36-85AE-80B1BED556F8}.Release|Any CPU.Build.0 = Release|Any CPU
		{A0310B59-9025-4394-90FF-777194481CDD}.Debug|Any CPU.ActiveCfg = Debug|Any CPU
		{A0310B59-9025-4394-90FF-777194481CDD}.Debug|Any CPU.Build.0 = Debug|Any CPU
		{A0310B59-9025-4394-90FF-777194481CDD}.Release|Any CPU.ActiveCfg = Release|Any CPU
		{A0310B59-9025-4394-90FF-777194481CDD}.Release|Any CPU.Build.0 = Release|Any CPU
		{9FEC0071-8A7C-44C1-91C7-9C1219601B34}.Debug|Any CPU.ActiveCfg = Debug|Any CPU
		{9FEC0071-8A7C-44C1-91C7-9C1219601B34}.Debug|Any CPU.Build.0 = Debug|Any CPU
		{9FEC0071-8A7C-44C1-91C7-9C1219601B34}.Release|Any CPU.ActiveCfg = Release|Any CPU
		{9FEC0071-8A7C-44C1-91C7-9C1219601B34}.Release|Any CPU.Build.0 = Release|Any CPU
		{01FDB3B6-D433-4D85-AEF6-E194742A708D}.Debug|Any CPU.ActiveCfg = Debug|Any CPU
		{01FDB3B6-D433-4D85-AEF6-E194742A708D}.Debug|Any CPU.Build.0 = Debug|Any CPU
		{01FDB3B6-D433-4D85-AEF6-E194742A708D}.Release|Any CPU.ActiveCfg = Release|Any CPU
		{01FDB3B6-D433-4D85-AEF6-E194742A708D}.Release|Any CPU.Build.0 = Release|Any CPU
		{E47F0C5B-F775-44B4-9E2E-E4C044864125}.Debug|Any CPU.ActiveCfg = Debug|Any CPU
		{E47F0C5B-F775-44B4-9E2E-E4C044864125}.Debug|Any CPU.Build.0 = Debug|Any CPU
		{E47F0C5B-F775-44B4-9E2E-E4C044864125}.Release|Any CPU.ActiveCfg = Release|Any CPU
		{E47F0C5B-F775-44B4-9E2E-E4C044864125}.Release|Any CPU.Build.0 = Release|Any CPU
		{C4D8DDAE-6A41-479D-8DC7-652FEA918741}.Debug|Any CPU.ActiveCfg = Debug|Any CPU
		{C4D8DDAE-6A41-479D-8DC7-652FEA918741}.Debug|Any CPU.Build.0 = Debug|Any CPU
		{C4D8DDAE-6A41-479D-8DC7-652FEA918741}.Release|Any CPU.ActiveCfg = Release|Any CPU
		{C4D8DDAE-6A41-479D-8DC7-652FEA918741}.Release|Any CPU.Build.0 = Release|Any CPU
		{0CA27AD5-540A-4CC6-A9F4-18634716D096}.Debug|Any CPU.ActiveCfg = Debug|Any CPU
		{0CA27AD5-540A-4CC6-A9F4-18634716D096}.Debug|Any CPU.Build.0 = Debug|Any CPU
		{0CA27AD5-540A-4CC6-A9F4-18634716D096}.Release|Any CPU.ActiveCfg = Release|Any CPU
		{0CA27AD5-540A-4CC6-A9F4-18634716D096}.Release|Any CPU.Build.0 = Release|Any CPU
		{93F9B582-2B31-45A1-B28B-96BEEF735B3C}.Debug|Any CPU.ActiveCfg = Debug|Any CPU
		{93F9B582-2B31-45A1-B28B-96BEEF735B3C}.Debug|Any CPU.Build.0 = Debug|Any CPU
		{93F9B582-2B31-45A1-B28B-96BEEF735B3C}.Release|Any CPU.ActiveCfg = Release|Any CPU
		{93F9B582-2B31-45A1-B28B-96BEEF735B3C}.Release|Any CPU.Build.0 = Release|Any CPU
		{4C6F499C-E183-4FC7-9F14-C94B2DA3F443}.Debug|Any CPU.ActiveCfg = Debug|Any CPU
		{4C6F499C-E183-4FC7-9F14-C94B2DA3F443}.Debug|Any CPU.Build.0 = Debug|Any CPU
		{4C6F499C-E183-4FC7-9F14-C94B2DA3F443}.Release|Any CPU.ActiveCfg = Release|Any CPU
		{4C6F499C-E183-4FC7-9F14-C94B2DA3F443}.Release|Any CPU.Build.0 = Release|Any CPU
		{2322469D-7D54-4C76-97E2-EF40F15645F5}.Debug|Any CPU.ActiveCfg = Debug|Any CPU
		{2322469D-7D54-4C76-97E2-EF40F15645F5}.Debug|Any CPU.Build.0 = Debug|Any CPU
		{2322469D-7D54-4C76-97E2-EF40F15645F5}.Release|Any CPU.ActiveCfg = Release|Any CPU
		{2322469D-7D54-4C76-97E2-EF40F15645F5}.Release|Any CPU.Build.0 = Release|Any CPU
		{DCB067DB-E581-4F90-85DF-ACF9C6B42AD4}.Debug|Any CPU.ActiveCfg = Debug|Any CPU
		{DCB067DB-E581-4F90-85DF-ACF9C6B42AD4}.Debug|Any CPU.Build.0 = Debug|Any CPU
		{DCB067DB-E581-4F90-85DF-ACF9C6B42AD4}.Release|Any CPU.ActiveCfg = Release|Any CPU
		{DCB067DB-E581-4F90-85DF-ACF9C6B42AD4}.Release|Any CPU.Build.0 = Release|Any CPU
		{BD628B04-C2DF-458A-8406-6BB60729FC1C}.Debug|Any CPU.ActiveCfg = Debug|Any CPU
		{BD628B04-C2DF-458A-8406-6BB60729FC1C}.Debug|Any CPU.Build.0 = Debug|Any CPU
		{BD628B04-C2DF-458A-8406-6BB60729FC1C}.Release|Any CPU.ActiveCfg = Release|Any CPU
		{BD628B04-C2DF-458A-8406-6BB60729FC1C}.Release|Any CPU.Build.0 = Release|Any CPU
		{CACE5337-D31B-4AF2-ACF5-C98CA01DB1F7}.Debug|Any CPU.ActiveCfg = Debug|Any CPU
		{CACE5337-D31B-4AF2-ACF5-C98CA01DB1F7}.Debug|Any CPU.Build.0 = Debug|Any CPU
		{CACE5337-D31B-4AF2-ACF5-C98CA01DB1F7}.Release|Any CPU.ActiveCfg = Release|Any CPU
		{CACE5337-D31B-4AF2-ACF5-C98CA01DB1F7}.Release|Any CPU.Build.0 = Release|Any CPU
		{197A078F-F42F-4F87-B8B2-463129ED4797}.Debug|Any CPU.ActiveCfg = Debug|Any CPU
		{197A078F-F42F-4F87-B8B2-463129ED4797}.Debug|Any CPU.Build.0 = Debug|Any CPU
		{197A078F-F42F-4F87-B8B2-463129ED4797}.Release|Any CPU.ActiveCfg = Release|Any CPU
		{197A078F-F42F-4F87-B8B2-463129ED4797}.Release|Any CPU.Build.0 = Release|Any CPU
		{075765EF-E0DF-45D4-86E3-5DE2AFBAE5F5}.Debug|Any CPU.ActiveCfg = Debug|Any CPU
		{075765EF-E0DF-45D4-86E3-5DE2AFBAE5F5}.Debug|Any CPU.Build.0 = Debug|Any CPU
		{075765EF-E0DF-45D4-86E3-5DE2AFBAE5F5}.Release|Any CPU.ActiveCfg = Release|Any CPU
		{075765EF-E0DF-45D4-86E3-5DE2AFBAE5F5}.Release|Any CPU.Build.0 = Release|Any CPU
		{8EAF5465-16FB-456F-B562-6E4F38DD8885}.Debug|Any CPU.ActiveCfg = Debug|Any CPU
		{8EAF5465-16FB-456F-B562-6E4F38DD8885}.Debug|Any CPU.Build.0 = Debug|Any CPU
		{8EAF5465-16FB-456F-B562-6E4F38DD8885}.Release|Any CPU.ActiveCfg = Release|Any CPU
		{8EAF5465-16FB-456F-B562-6E4F38DD8885}.Release|Any CPU.Build.0 = Release|Any CPU
		{9FFB8E79-04EF-4840-920F-1FCDFA8E84FF}.Debug|Any CPU.ActiveCfg = Debug|Any CPU
		{9FFB8E79-04EF-4840-920F-1FCDFA8E84FF}.Debug|Any CPU.Build.0 = Debug|Any CPU
		{9FFB8E79-04EF-4840-920F-1FCDFA8E84FF}.Release|Any CPU.ActiveCfg = Release|Any CPU
		{9FFB8E79-04EF-4840-920F-1FCDFA8E84FF}.Release|Any CPU.Build.0 = Release|Any CPU
	EndGlobalSection
	GlobalSection(SolutionProperties) = preSolution
		HideSolutionNode = FALSE
	EndGlobalSection
	GlobalSection(NestedProjects) = preSolution
		{EE5AD8E7-4D3E-462D-AF0B-38430185396F} = {89D37C8B-9A73-45AB-A4C0-E91DC1A6D5CA}
		{EBC684B7-B72A-475F-BBC1-B6293B607B9B} = {D2A3ECA9-064A-44A1-95EE-37AB350D303C}
		{A8285E35-48F8-45CC-961C-282678230221} = {D2A3ECA9-064A-44A1-95EE-37AB350D303C}
		{A46F638C-C9C5-49BE-BC8D-8144E8C8F87A} = {D2A3ECA9-064A-44A1-95EE-37AB350D303C}
		{4C6F499C-E183-4FC7-9F14-C94B2DA3F443} = {D2A3ECA9-064A-44A1-95EE-37AB350D303C}
		{2322469D-7D54-4C76-97E2-EF40F15645F5} = {D2A3ECA9-064A-44A1-95EE-37AB350D303C}
		{DCB067DB-E581-4F90-85DF-ACF9C6B42AD4} = {89D37C8B-9A73-45AB-A4C0-E91DC1A6D5CA}
		{8237A533-D176-4BB1-86F7-F07C7AEFBA03} = {9F13A82A-0A67-4BA9-A2DE-6560A62FDCE1}
		{C71676EF-83E3-4549-B43E-F3CEAE4FABC7} = {9F13A82A-0A67-4BA9-A2DE-6560A62FDCE1}
		{FA93727B-56AC-452A-8F91-F09C6620134F} = {9F13A82A-0A67-4BA9-A2DE-6560A62FDCE1}
	EndGlobalSection
EndGlobal
