
Microsoft Visual Studio Solution File, Format Version 12.00
# Visual Studio 15
VisualStudioVersion = 15.0.26228.4
MinimumVisualStudioVersion = 10.0.40219.1
Project("{2150E333-8FDC-42A3-9474-1A3956D46DE8}") = ".files", ".files", "{162E7A87-4FF9-4692-A963-EEF8AD259CF7}"
EndProject
Project("{2150E333-8FDC-42A3-9474-1A3956D46DE8}") = "Config", "Config", "{5ABA6C6E-8A75-4A08-8F2F-FE5EC5DEF04B}"
	ProjectSection(SolutionItems) = preProject
		Files\Config\AppCommon.json = Files\Config\AppCommon.json
		Files\Config\AppExtension.json = Files\Config\AppExtension.json
	EndProjectSection
EndProject
Project("{2150E333-8FDC-42A3-9474-1A3956D46DE8}") = "Core", "Core", "{4FB7CC46-2521-4E3A-A968-EA7E685BA3A3}"
EndProject
Project("{2150E333-8FDC-42A3-9474-1A3956D46DE8}") = "Extensions", "Extensions", "{1808887E-7571-4676-A658-73124B206D83}"
EndProject
Project("{9A19103F-16F7-4668-BE54-9A1E7A4F7556}") = "InfinniPlatform.ServiceHost", "InfinniPlatform.ServiceHost\InfinniPlatform.ServiceHost.csproj", "{1996F172-BE5B-4999-A472-81C1E470D49B}"
EndProject
Project("{9A19103F-16F7-4668-BE54-9A1E7A4F7556}") = "InfinniPlatform.Core", "InfinniPlatform.Core\InfinniPlatform.Core.csproj", "{168A0089-AE82-4F8D-A124-DC31ED6561D0}"
EndProject
Project("{9A19103F-16F7-4668-BE54-9A1E7A4F7556}") = "InfinniPlatform.Sdk", "InfinniPlatform.Sdk\InfinniPlatform.Sdk.csproj", "{4B6B6B09-AF21-4746-B3D9-4FF3921BD9A0}"
EndProject
Project("{9A19103F-16F7-4668-BE54-9A1E7A4F7556}") = "InfinniPlatform.Http", "InfinniPlatform.Http\InfinniPlatform.Http.csproj", "{1D29338A-E798-4B18-8B28-5A8999AA2BC0}"
EndProject
Project("{9A19103F-16F7-4668-BE54-9A1E7A4F7556}") = "InfinniPlatform.Auth.Adfs", "InfinniPlatform.Auth.Adfs\InfinniPlatform.Auth.Adfs.csproj", "{036553C0-ED83-449F-9F02-C8283AE35966}"
EndProject
Project("{9A19103F-16F7-4668-BE54-9A1E7A4F7556}") = "InfinniPlatform.Auth.Cookie", "InfinniPlatform.Auth.Cookie\InfinniPlatform.Auth.Cookie.csproj", "{5374C9BC-0B4B-40D3-AD2C-B2590C5F18A7}"
EndProject
Project("{9A19103F-16F7-4668-BE54-9A1E7A4F7556}") = "InfinniPlatform.Auth.Facebook", "InfinniPlatform.Auth.Facebook\InfinniPlatform.Auth.Facebook.csproj", "{4A4C9FD7-4B81-4C29-B324-F7331FBC4A99}"
EndProject
Project("{9A19103F-16F7-4668-BE54-9A1E7A4F7556}") = "InfinniPlatform.Auth.Google", "InfinniPlatform.Auth.Google\InfinniPlatform.Auth.Google.csproj", "{1C9F57BF-DB07-442F-BD13-6624DDECA9BE}"
EndProject
Project("{9A19103F-16F7-4668-BE54-9A1E7A4F7556}") = "InfinniPlatform.Auth.Internal", "InfinniPlatform.Auth.Internal\InfinniPlatform.Auth.Internal.csproj", "{B276F8B8-0D27-4637-80B8-4F1AAA7CF5BD}"
EndProject
Project("{9A19103F-16F7-4668-BE54-9A1E7A4F7556}") = "InfinniPlatform.MessageQueue", "InfinniPlatform.MessageQueue\InfinniPlatform.MessageQueue.csproj", "{7EBB54A0-69CB-49FC-A340-8527502F9C67}"
EndProject
Project("{9A19103F-16F7-4668-BE54-9A1E7A4F7556}") = "InfinniPlatform.DocumentStorage", "InfinniPlatform.DocumentStorage\InfinniPlatform.DocumentStorage.csproj", "{236BCAC7-A46A-4A40-B27B-BA48A13D8F79}"
EndProject
Project("{9A19103F-16F7-4668-BE54-9A1E7A4F7556}") = "InfinniPlatform.Caching", "InfinniPlatform.Caching\InfinniPlatform.Caching.csproj", "{2DA58625-0190-427D-A84E-3958CADDBA23}"
EndProject
Project("{9A19103F-16F7-4668-BE54-9A1E7A4F7556}") = "InfinniPlatform.BlobStorage", "InfinniPlatform.BlobStorage\InfinniPlatform.BlobStorage.csproj", "{C2C8D1E3-45BE-40DB-8053-E6A0E8BA66CE}"
EndProject
Project("{9A19103F-16F7-4668-BE54-9A1E7A4F7556}") = "InfinniPlatform.PrintView", "InfinniPlatform.PrintView\InfinniPlatform.PrintView.csproj", "{D046AF4C-5EBE-4322-8ECD-D69848402A29}"
EndProject
Project("{9A19103F-16F7-4668-BE54-9A1E7A4F7556}") = "InfinniPlatform.PrintView.Tests", "InfinniPlatform.PrintView.Tests\InfinniPlatform.PrintView.Tests.csproj", "{F2907834-DC05-4960-A3A2-2729AE4DE03B}"
EndProject
Project("{9A19103F-16F7-4668-BE54-9A1E7A4F7556}") = "InfinniPlatform.Tests", "InfinniPlatform.Tests\InfinniPlatform.Tests.csproj", "{E3D6494F-E901-427C-95B2-1EF439C22A57}"
EndProject
Project("{FAE04EC0-301F-11D3-BF4B-00C04F79EFBC}") = "InfinniPlatform.TestRunner", "InfinniPlatform.TestRunner\InfinniPlatform.TestRunner.csproj", "{5A9958DE-1394-4361-BC93-DA2E4053F823}"
EndProject
Project("{9A19103F-16F7-4668-BE54-9A1E7A4F7556}") = "InfinniPlatform.Scheduler", "InfinniPlatform.Scheduler\InfinniPlatform.Scheduler.csproj", "{AE95E065-069F-42DE-B6BC-9EE32354BDC5}"
EndProject
Project("{9A19103F-16F7-4668-BE54-9A1E7A4F7556}") = "InfinniPlatform.Scheduler.Tests", "InfinniPlatform.Scheduler.Tests\InfinniPlatform.Scheduler.Tests.csproj", "{A05B9CDD-9877-4AEF-A2F2-8D4F828141F6}"
EndProject
Project("{9A19103F-16F7-4668-BE54-9A1E7A4F7556}") = "InfinniPlatform.Sdk.Tests", "InfinniPlatform.Sdk.Tests\InfinniPlatform.Sdk.Tests.csproj", "{2E93C4C3-710C-4016-9E10-BBEB8C96F25B}"
EndProject
Project("{9A19103F-16F7-4668-BE54-9A1E7A4F7556}") = "InfinniPlatform.BlobStorage.Tests", "InfinniPlatform.BlobStorage.Tests\InfinniPlatform.BlobStorage.Tests.csproj", "{67EFB476-E563-47CB-BE15-F8882C9108CF}"
EndProject
Project("{9A19103F-16F7-4668-BE54-9A1E7A4F7556}") = "InfinniPlatform.Caching.Tests", "InfinniPlatform.Caching.Tests\InfinniPlatform.Caching.Tests.csproj", "{1F888EA1-867E-42C4-BE8C-6ABFCB32DC56}"
EndProject
Project("{9A19103F-16F7-4668-BE54-9A1E7A4F7556}") = "InfinniPlatform.Core.Tests", "InfinniPlatform.Core.Tests\InfinniPlatform.Core.Tests.csproj", "{5A62E683-64B3-46F0-8857-E60276123698}"
EndProject
Project("{9A19103F-16F7-4668-BE54-9A1E7A4F7556}") = "InfinniPlatform.DocumentStorage.Tests", "InfinniPlatform.DocumentStorage.Tests\InfinniPlatform.DocumentStorage.Tests.csproj", "{864E9A11-12EB-4BB0-BE08-5FCB68F8CC00}"
EndProject
Global
	GlobalSection(SolutionConfigurationPlatforms) = preSolution
		Debug|Any CPU = Debug|Any CPU
		Debug|x64 = Debug|x64
		Debug|x86 = Debug|x86
		DebugTools|Any CPU = DebugTools|Any CPU
		DebugTools|x64 = DebugTools|x64
		DebugTools|x86 = DebugTools|x86
		Release|Any CPU = Release|Any CPU
		Release|x64 = Release|x64
		Release|x86 = Release|x86
	EndGlobalSection
	GlobalSection(ProjectConfigurationPlatforms) = postSolution
		{1996F172-BE5B-4999-A472-81C1E470D49B}.Debug|Any CPU.ActiveCfg = Debug|Any CPU
		{1996F172-BE5B-4999-A472-81C1E470D49B}.Debug|Any CPU.Build.0 = Debug|Any CPU
		{1996F172-BE5B-4999-A472-81C1E470D49B}.Debug|x64.ActiveCfg = Debug|Any CPU
		{1996F172-BE5B-4999-A472-81C1E470D49B}.Debug|x64.Build.0 = Debug|Any CPU
		{1996F172-BE5B-4999-A472-81C1E470D49B}.Debug|x86.ActiveCfg = Debug|Any CPU
		{1996F172-BE5B-4999-A472-81C1E470D49B}.Debug|x86.Build.0 = Debug|Any CPU
		{1996F172-BE5B-4999-A472-81C1E470D49B}.DebugTools|Any CPU.ActiveCfg = Debug|Any CPU
		{1996F172-BE5B-4999-A472-81C1E470D49B}.DebugTools|Any CPU.Build.0 = Debug|Any CPU
		{1996F172-BE5B-4999-A472-81C1E470D49B}.DebugTools|x64.ActiveCfg = Debug|Any CPU
		{1996F172-BE5B-4999-A472-81C1E470D49B}.DebugTools|x64.Build.0 = Debug|Any CPU
		{1996F172-BE5B-4999-A472-81C1E470D49B}.DebugTools|x86.ActiveCfg = Debug|Any CPU
		{1996F172-BE5B-4999-A472-81C1E470D49B}.DebugTools|x86.Build.0 = Debug|Any CPU
		{1996F172-BE5B-4999-A472-81C1E470D49B}.Release|Any CPU.ActiveCfg = Release|Any CPU
		{1996F172-BE5B-4999-A472-81C1E470D49B}.Release|Any CPU.Build.0 = Release|Any CPU
		{1996F172-BE5B-4999-A472-81C1E470D49B}.Release|x64.ActiveCfg = Release|Any CPU
		{1996F172-BE5B-4999-A472-81C1E470D49B}.Release|x64.Build.0 = Release|Any CPU
		{1996F172-BE5B-4999-A472-81C1E470D49B}.Release|x86.ActiveCfg = Release|Any CPU
		{1996F172-BE5B-4999-A472-81C1E470D49B}.Release|x86.Build.0 = Release|Any CPU
		{168A0089-AE82-4F8D-A124-DC31ED6561D0}.Debug|Any CPU.ActiveCfg = Debug|Any CPU
		{168A0089-AE82-4F8D-A124-DC31ED6561D0}.Debug|Any CPU.Build.0 = Debug|Any CPU
		{168A0089-AE82-4F8D-A124-DC31ED6561D0}.Debug|x64.ActiveCfg = Debug|Any CPU
		{168A0089-AE82-4F8D-A124-DC31ED6561D0}.Debug|x64.Build.0 = Debug|Any CPU
		{168A0089-AE82-4F8D-A124-DC31ED6561D0}.Debug|x86.ActiveCfg = Debug|Any CPU
		{168A0089-AE82-4F8D-A124-DC31ED6561D0}.Debug|x86.Build.0 = Debug|Any CPU
		{168A0089-AE82-4F8D-A124-DC31ED6561D0}.DebugTools|Any CPU.ActiveCfg = Debug|Any CPU
		{168A0089-AE82-4F8D-A124-DC31ED6561D0}.DebugTools|Any CPU.Build.0 = Debug|Any CPU
		{168A0089-AE82-4F8D-A124-DC31ED6561D0}.DebugTools|x64.ActiveCfg = Debug|Any CPU
		{168A0089-AE82-4F8D-A124-DC31ED6561D0}.DebugTools|x64.Build.0 = Debug|Any CPU
		{168A0089-AE82-4F8D-A124-DC31ED6561D0}.DebugTools|x86.ActiveCfg = Debug|Any CPU
		{168A0089-AE82-4F8D-A124-DC31ED6561D0}.DebugTools|x86.Build.0 = Debug|Any CPU
		{168A0089-AE82-4F8D-A124-DC31ED6561D0}.Release|Any CPU.ActiveCfg = Release|Any CPU
		{168A0089-AE82-4F8D-A124-DC31ED6561D0}.Release|Any CPU.Build.0 = Release|Any CPU
		{168A0089-AE82-4F8D-A124-DC31ED6561D0}.Release|x64.ActiveCfg = Release|Any CPU
		{168A0089-AE82-4F8D-A124-DC31ED6561D0}.Release|x64.Build.0 = Release|Any CPU
		{168A0089-AE82-4F8D-A124-DC31ED6561D0}.Release|x86.ActiveCfg = Release|Any CPU
		{168A0089-AE82-4F8D-A124-DC31ED6561D0}.Release|x86.Build.0 = Release|Any CPU
		{4B6B6B09-AF21-4746-B3D9-4FF3921BD9A0}.Debug|Any CPU.ActiveCfg = Debug|Any CPU
		{4B6B6B09-AF21-4746-B3D9-4FF3921BD9A0}.Debug|Any CPU.Build.0 = Debug|Any CPU
		{4B6B6B09-AF21-4746-B3D9-4FF3921BD9A0}.Debug|x64.ActiveCfg = Debug|Any CPU
		{4B6B6B09-AF21-4746-B3D9-4FF3921BD9A0}.Debug|x64.Build.0 = Debug|Any CPU
		{4B6B6B09-AF21-4746-B3D9-4FF3921BD9A0}.Debug|x86.ActiveCfg = Debug|Any CPU
		{4B6B6B09-AF21-4746-B3D9-4FF3921BD9A0}.Debug|x86.Build.0 = Debug|Any CPU
		{4B6B6B09-AF21-4746-B3D9-4FF3921BD9A0}.DebugTools|Any CPU.ActiveCfg = Debug|Any CPU
		{4B6B6B09-AF21-4746-B3D9-4FF3921BD9A0}.DebugTools|Any CPU.Build.0 = Debug|Any CPU
		{4B6B6B09-AF21-4746-B3D9-4FF3921BD9A0}.DebugTools|x64.ActiveCfg = Debug|Any CPU
		{4B6B6B09-AF21-4746-B3D9-4FF3921BD9A0}.DebugTools|x64.Build.0 = Debug|Any CPU
		{4B6B6B09-AF21-4746-B3D9-4FF3921BD9A0}.DebugTools|x86.ActiveCfg = Debug|Any CPU
		{4B6B6B09-AF21-4746-B3D9-4FF3921BD9A0}.DebugTools|x86.Build.0 = Debug|Any CPU
		{4B6B6B09-AF21-4746-B3D9-4FF3921BD9A0}.Release|Any CPU.ActiveCfg = Release|Any CPU
		{4B6B6B09-AF21-4746-B3D9-4FF3921BD9A0}.Release|Any CPU.Build.0 = Release|Any CPU
		{4B6B6B09-AF21-4746-B3D9-4FF3921BD9A0}.Release|x64.ActiveCfg = Release|Any CPU
		{4B6B6B09-AF21-4746-B3D9-4FF3921BD9A0}.Release|x64.Build.0 = Release|Any CPU
		{4B6B6B09-AF21-4746-B3D9-4FF3921BD9A0}.Release|x86.ActiveCfg = Release|Any CPU
		{4B6B6B09-AF21-4746-B3D9-4FF3921BD9A0}.Release|x86.Build.0 = Release|Any CPU
		{1D29338A-E798-4B18-8B28-5A8999AA2BC0}.Debug|Any CPU.ActiveCfg = Debug|Any CPU
		{1D29338A-E798-4B18-8B28-5A8999AA2BC0}.Debug|Any CPU.Build.0 = Debug|Any CPU
		{1D29338A-E798-4B18-8B28-5A8999AA2BC0}.Debug|x64.ActiveCfg = Debug|Any CPU
		{1D29338A-E798-4B18-8B28-5A8999AA2BC0}.Debug|x64.Build.0 = Debug|Any CPU
		{1D29338A-E798-4B18-8B28-5A8999AA2BC0}.Debug|x86.ActiveCfg = Debug|Any CPU
		{1D29338A-E798-4B18-8B28-5A8999AA2BC0}.Debug|x86.Build.0 = Debug|Any CPU
		{1D29338A-E798-4B18-8B28-5A8999AA2BC0}.DebugTools|Any CPU.ActiveCfg = Debug|Any CPU
		{1D29338A-E798-4B18-8B28-5A8999AA2BC0}.DebugTools|Any CPU.Build.0 = Debug|Any CPU
		{1D29338A-E798-4B18-8B28-5A8999AA2BC0}.DebugTools|x64.ActiveCfg = Debug|Any CPU
		{1D29338A-E798-4B18-8B28-5A8999AA2BC0}.DebugTools|x64.Build.0 = Debug|Any CPU
		{1D29338A-E798-4B18-8B28-5A8999AA2BC0}.DebugTools|x86.ActiveCfg = Debug|Any CPU
		{1D29338A-E798-4B18-8B28-5A8999AA2BC0}.DebugTools|x86.Build.0 = Debug|Any CPU
		{1D29338A-E798-4B18-8B28-5A8999AA2BC0}.Release|Any CPU.ActiveCfg = Release|Any CPU
		{1D29338A-E798-4B18-8B28-5A8999AA2BC0}.Release|Any CPU.Build.0 = Release|Any CPU
		{1D29338A-E798-4B18-8B28-5A8999AA2BC0}.Release|x64.ActiveCfg = Release|Any CPU
		{1D29338A-E798-4B18-8B28-5A8999AA2BC0}.Release|x64.Build.0 = Release|Any CPU
		{1D29338A-E798-4B18-8B28-5A8999AA2BC0}.Release|x86.ActiveCfg = Release|Any CPU
		{1D29338A-E798-4B18-8B28-5A8999AA2BC0}.Release|x86.Build.0 = Release|Any CPU
		{036553C0-ED83-449F-9F02-C8283AE35966}.Debug|Any CPU.ActiveCfg = Debug|Any CPU
		{036553C0-ED83-449F-9F02-C8283AE35966}.Debug|Any CPU.Build.0 = Debug|Any CPU
		{036553C0-ED83-449F-9F02-C8283AE35966}.Debug|x64.ActiveCfg = Debug|Any CPU
		{036553C0-ED83-449F-9F02-C8283AE35966}.Debug|x64.Build.0 = Debug|Any CPU
		{036553C0-ED83-449F-9F02-C8283AE35966}.Debug|x86.ActiveCfg = Debug|Any CPU
		{036553C0-ED83-449F-9F02-C8283AE35966}.Debug|x86.Build.0 = Debug|Any CPU
		{036553C0-ED83-449F-9F02-C8283AE35966}.DebugTools|Any CPU.ActiveCfg = Debug|Any CPU
		{036553C0-ED83-449F-9F02-C8283AE35966}.DebugTools|Any CPU.Build.0 = Debug|Any CPU
		{036553C0-ED83-449F-9F02-C8283AE35966}.DebugTools|x64.ActiveCfg = Debug|Any CPU
		{036553C0-ED83-449F-9F02-C8283AE35966}.DebugTools|x64.Build.0 = Debug|Any CPU
		{036553C0-ED83-449F-9F02-C8283AE35966}.DebugTools|x86.ActiveCfg = Debug|Any CPU
		{036553C0-ED83-449F-9F02-C8283AE35966}.DebugTools|x86.Build.0 = Debug|Any CPU
		{036553C0-ED83-449F-9F02-C8283AE35966}.Release|Any CPU.ActiveCfg = Release|Any CPU
		{036553C0-ED83-449F-9F02-C8283AE35966}.Release|Any CPU.Build.0 = Release|Any CPU
		{036553C0-ED83-449F-9F02-C8283AE35966}.Release|x64.ActiveCfg = Release|Any CPU
		{036553C0-ED83-449F-9F02-C8283AE35966}.Release|x64.Build.0 = Release|Any CPU
		{036553C0-ED83-449F-9F02-C8283AE35966}.Release|x86.ActiveCfg = Release|Any CPU
		{036553C0-ED83-449F-9F02-C8283AE35966}.Release|x86.Build.0 = Release|Any CPU
		{5374C9BC-0B4B-40D3-AD2C-B2590C5F18A7}.Debug|Any CPU.ActiveCfg = Debug|Any CPU
		{5374C9BC-0B4B-40D3-AD2C-B2590C5F18A7}.Debug|Any CPU.Build.0 = Debug|Any CPU
		{5374C9BC-0B4B-40D3-AD2C-B2590C5F18A7}.Debug|x64.ActiveCfg = Debug|Any CPU
		{5374C9BC-0B4B-40D3-AD2C-B2590C5F18A7}.Debug|x64.Build.0 = Debug|Any CPU
		{5374C9BC-0B4B-40D3-AD2C-B2590C5F18A7}.Debug|x86.ActiveCfg = Debug|Any CPU
		{5374C9BC-0B4B-40D3-AD2C-B2590C5F18A7}.Debug|x86.Build.0 = Debug|Any CPU
		{5374C9BC-0B4B-40D3-AD2C-B2590C5F18A7}.DebugTools|Any CPU.ActiveCfg = Debug|Any CPU
		{5374C9BC-0B4B-40D3-AD2C-B2590C5F18A7}.DebugTools|Any CPU.Build.0 = Debug|Any CPU
		{5374C9BC-0B4B-40D3-AD2C-B2590C5F18A7}.DebugTools|x64.ActiveCfg = Debug|Any CPU
		{5374C9BC-0B4B-40D3-AD2C-B2590C5F18A7}.DebugTools|x64.Build.0 = Debug|Any CPU
		{5374C9BC-0B4B-40D3-AD2C-B2590C5F18A7}.DebugTools|x86.ActiveCfg = Debug|Any CPU
		{5374C9BC-0B4B-40D3-AD2C-B2590C5F18A7}.DebugTools|x86.Build.0 = Debug|Any CPU
		{5374C9BC-0B4B-40D3-AD2C-B2590C5F18A7}.Release|Any CPU.ActiveCfg = Release|Any CPU
		{5374C9BC-0B4B-40D3-AD2C-B2590C5F18A7}.Release|Any CPU.Build.0 = Release|Any CPU
		{5374C9BC-0B4B-40D3-AD2C-B2590C5F18A7}.Release|x64.ActiveCfg = Release|Any CPU
		{5374C9BC-0B4B-40D3-AD2C-B2590C5F18A7}.Release|x64.Build.0 = Release|Any CPU
		{5374C9BC-0B4B-40D3-AD2C-B2590C5F18A7}.Release|x86.ActiveCfg = Release|Any CPU
		{5374C9BC-0B4B-40D3-AD2C-B2590C5F18A7}.Release|x86.Build.0 = Release|Any CPU
		{4A4C9FD7-4B81-4C29-B324-F7331FBC4A99}.Debug|Any CPU.ActiveCfg = Debug|Any CPU
		{4A4C9FD7-4B81-4C29-B324-F7331FBC4A99}.Debug|Any CPU.Build.0 = Debug|Any CPU
		{4A4C9FD7-4B81-4C29-B324-F7331FBC4A99}.Debug|x64.ActiveCfg = Debug|Any CPU
		{4A4C9FD7-4B81-4C29-B324-F7331FBC4A99}.Debug|x64.Build.0 = Debug|Any CPU
		{4A4C9FD7-4B81-4C29-B324-F7331FBC4A99}.Debug|x86.ActiveCfg = Debug|Any CPU
		{4A4C9FD7-4B81-4C29-B324-F7331FBC4A99}.Debug|x86.Build.0 = Debug|Any CPU
		{4A4C9FD7-4B81-4C29-B324-F7331FBC4A99}.DebugTools|Any CPU.ActiveCfg = Debug|Any CPU
		{4A4C9FD7-4B81-4C29-B324-F7331FBC4A99}.DebugTools|Any CPU.Build.0 = Debug|Any CPU
		{4A4C9FD7-4B81-4C29-B324-F7331FBC4A99}.DebugTools|x64.ActiveCfg = Debug|Any CPU
		{4A4C9FD7-4B81-4C29-B324-F7331FBC4A99}.DebugTools|x64.Build.0 = Debug|Any CPU
		{4A4C9FD7-4B81-4C29-B324-F7331FBC4A99}.DebugTools|x86.ActiveCfg = Debug|Any CPU
		{4A4C9FD7-4B81-4C29-B324-F7331FBC4A99}.DebugTools|x86.Build.0 = Debug|Any CPU
		{4A4C9FD7-4B81-4C29-B324-F7331FBC4A99}.Release|Any CPU.ActiveCfg = Release|Any CPU
		{4A4C9FD7-4B81-4C29-B324-F7331FBC4A99}.Release|Any CPU.Build.0 = Release|Any CPU
		{4A4C9FD7-4B81-4C29-B324-F7331FBC4A99}.Release|x64.ActiveCfg = Release|Any CPU
		{4A4C9FD7-4B81-4C29-B324-F7331FBC4A99}.Release|x64.Build.0 = Release|Any CPU
		{4A4C9FD7-4B81-4C29-B324-F7331FBC4A99}.Release|x86.ActiveCfg = Release|Any CPU
		{4A4C9FD7-4B81-4C29-B324-F7331FBC4A99}.Release|x86.Build.0 = Release|Any CPU
		{1C9F57BF-DB07-442F-BD13-6624DDECA9BE}.Debug|Any CPU.ActiveCfg = Debug|Any CPU
		{1C9F57BF-DB07-442F-BD13-6624DDECA9BE}.Debug|Any CPU.Build.0 = Debug|Any CPU
		{1C9F57BF-DB07-442F-BD13-6624DDECA9BE}.Debug|x64.ActiveCfg = Debug|Any CPU
		{1C9F57BF-DB07-442F-BD13-6624DDECA9BE}.Debug|x64.Build.0 = Debug|Any CPU
		{1C9F57BF-DB07-442F-BD13-6624DDECA9BE}.Debug|x86.ActiveCfg = Debug|Any CPU
		{1C9F57BF-DB07-442F-BD13-6624DDECA9BE}.Debug|x86.Build.0 = Debug|Any CPU
		{1C9F57BF-DB07-442F-BD13-6624DDECA9BE}.DebugTools|Any CPU.ActiveCfg = Debug|Any CPU
		{1C9F57BF-DB07-442F-BD13-6624DDECA9BE}.DebugTools|Any CPU.Build.0 = Debug|Any CPU
		{1C9F57BF-DB07-442F-BD13-6624DDECA9BE}.DebugTools|x64.ActiveCfg = Debug|Any CPU
		{1C9F57BF-DB07-442F-BD13-6624DDECA9BE}.DebugTools|x64.Build.0 = Debug|Any CPU
		{1C9F57BF-DB07-442F-BD13-6624DDECA9BE}.DebugTools|x86.ActiveCfg = Debug|Any CPU
		{1C9F57BF-DB07-442F-BD13-6624DDECA9BE}.DebugTools|x86.Build.0 = Debug|Any CPU
		{1C9F57BF-DB07-442F-BD13-6624DDECA9BE}.Release|Any CPU.ActiveCfg = Release|Any CPU
		{1C9F57BF-DB07-442F-BD13-6624DDECA9BE}.Release|Any CPU.Build.0 = Release|Any CPU
		{1C9F57BF-DB07-442F-BD13-6624DDECA9BE}.Release|x64.ActiveCfg = Release|Any CPU
		{1C9F57BF-DB07-442F-BD13-6624DDECA9BE}.Release|x64.Build.0 = Release|Any CPU
		{1C9F57BF-DB07-442F-BD13-6624DDECA9BE}.Release|x86.ActiveCfg = Release|Any CPU
		{1C9F57BF-DB07-442F-BD13-6624DDECA9BE}.Release|x86.Build.0 = Release|Any CPU
		{B276F8B8-0D27-4637-80B8-4F1AAA7CF5BD}.Debug|Any CPU.ActiveCfg = Debug|Any CPU
		{B276F8B8-0D27-4637-80B8-4F1AAA7CF5BD}.Debug|Any CPU.Build.0 = Debug|Any CPU
		{B276F8B8-0D27-4637-80B8-4F1AAA7CF5BD}.Debug|x64.ActiveCfg = Debug|Any CPU
		{B276F8B8-0D27-4637-80B8-4F1AAA7CF5BD}.Debug|x64.Build.0 = Debug|Any CPU
		{B276F8B8-0D27-4637-80B8-4F1AAA7CF5BD}.Debug|x86.ActiveCfg = Debug|Any CPU
		{B276F8B8-0D27-4637-80B8-4F1AAA7CF5BD}.Debug|x86.Build.0 = Debug|Any CPU
		{B276F8B8-0D27-4637-80B8-4F1AAA7CF5BD}.DebugTools|Any CPU.ActiveCfg = Debug|Any CPU
		{B276F8B8-0D27-4637-80B8-4F1AAA7CF5BD}.DebugTools|Any CPU.Build.0 = Debug|Any CPU
		{B276F8B8-0D27-4637-80B8-4F1AAA7CF5BD}.DebugTools|x64.ActiveCfg = Debug|Any CPU
		{B276F8B8-0D27-4637-80B8-4F1AAA7CF5BD}.DebugTools|x64.Build.0 = Debug|Any CPU
		{B276F8B8-0D27-4637-80B8-4F1AAA7CF5BD}.DebugTools|x86.ActiveCfg = Debug|Any CPU
		{B276F8B8-0D27-4637-80B8-4F1AAA7CF5BD}.DebugTools|x86.Build.0 = Debug|Any CPU
		{B276F8B8-0D27-4637-80B8-4F1AAA7CF5BD}.Release|Any CPU.ActiveCfg = Release|Any CPU
		{B276F8B8-0D27-4637-80B8-4F1AAA7CF5BD}.Release|Any CPU.Build.0 = Release|Any CPU
		{B276F8B8-0D27-4637-80B8-4F1AAA7CF5BD}.Release|x64.ActiveCfg = Release|Any CPU
		{B276F8B8-0D27-4637-80B8-4F1AAA7CF5BD}.Release|x64.Build.0 = Release|Any CPU
		{B276F8B8-0D27-4637-80B8-4F1AAA7CF5BD}.Release|x86.ActiveCfg = Release|Any CPU
		{B276F8B8-0D27-4637-80B8-4F1AAA7CF5BD}.Release|x86.Build.0 = Release|Any CPU
		{7EBB54A0-69CB-49FC-A340-8527502F9C67}.Debug|Any CPU.ActiveCfg = Debug|Any CPU
		{7EBB54A0-69CB-49FC-A340-8527502F9C67}.Debug|Any CPU.Build.0 = Debug|Any CPU
		{7EBB54A0-69CB-49FC-A340-8527502F9C67}.Debug|x64.ActiveCfg = Debug|Any CPU
		{7EBB54A0-69CB-49FC-A340-8527502F9C67}.Debug|x64.Build.0 = Debug|Any CPU
		{7EBB54A0-69CB-49FC-A340-8527502F9C67}.Debug|x86.ActiveCfg = Debug|Any CPU
		{7EBB54A0-69CB-49FC-A340-8527502F9C67}.Debug|x86.Build.0 = Debug|Any CPU
		{7EBB54A0-69CB-49FC-A340-8527502F9C67}.DebugTools|Any CPU.ActiveCfg = Debug|Any CPU
		{7EBB54A0-69CB-49FC-A340-8527502F9C67}.DebugTools|Any CPU.Build.0 = Debug|Any CPU
		{7EBB54A0-69CB-49FC-A340-8527502F9C67}.DebugTools|x64.ActiveCfg = Debug|Any CPU
		{7EBB54A0-69CB-49FC-A340-8527502F9C67}.DebugTools|x64.Build.0 = Debug|Any CPU
		{7EBB54A0-69CB-49FC-A340-8527502F9C67}.DebugTools|x86.ActiveCfg = Debug|Any CPU
		{7EBB54A0-69CB-49FC-A340-8527502F9C67}.DebugTools|x86.Build.0 = Debug|Any CPU
		{7EBB54A0-69CB-49FC-A340-8527502F9C67}.Release|Any CPU.ActiveCfg = Release|Any CPU
		{7EBB54A0-69CB-49FC-A340-8527502F9C67}.Release|Any CPU.Build.0 = Release|Any CPU
		{7EBB54A0-69CB-49FC-A340-8527502F9C67}.Release|x64.ActiveCfg = Release|Any CPU
		{7EBB54A0-69CB-49FC-A340-8527502F9C67}.Release|x64.Build.0 = Release|Any CPU
		{7EBB54A0-69CB-49FC-A340-8527502F9C67}.Release|x86.ActiveCfg = Release|Any CPU
		{7EBB54A0-69CB-49FC-A340-8527502F9C67}.Release|x86.Build.0 = Release|Any CPU
		{236BCAC7-A46A-4A40-B27B-BA48A13D8F79}.Debug|Any CPU.ActiveCfg = Debug|Any CPU
		{236BCAC7-A46A-4A40-B27B-BA48A13D8F79}.Debug|Any CPU.Build.0 = Debug|Any CPU
		{236BCAC7-A46A-4A40-B27B-BA48A13D8F79}.Debug|x64.ActiveCfg = Debug|Any CPU
		{236BCAC7-A46A-4A40-B27B-BA48A13D8F79}.Debug|x64.Build.0 = Debug|Any CPU
		{236BCAC7-A46A-4A40-B27B-BA48A13D8F79}.Debug|x86.ActiveCfg = Debug|Any CPU
		{236BCAC7-A46A-4A40-B27B-BA48A13D8F79}.Debug|x86.Build.0 = Debug|Any CPU
		{236BCAC7-A46A-4A40-B27B-BA48A13D8F79}.DebugTools|Any CPU.ActiveCfg = Debug|Any CPU
		{236BCAC7-A46A-4A40-B27B-BA48A13D8F79}.DebugTools|Any CPU.Build.0 = Debug|Any CPU
		{236BCAC7-A46A-4A40-B27B-BA48A13D8F79}.DebugTools|x64.ActiveCfg = Debug|Any CPU
		{236BCAC7-A46A-4A40-B27B-BA48A13D8F79}.DebugTools|x64.Build.0 = Debug|Any CPU
		{236BCAC7-A46A-4A40-B27B-BA48A13D8F79}.DebugTools|x86.ActiveCfg = Debug|Any CPU
		{236BCAC7-A46A-4A40-B27B-BA48A13D8F79}.DebugTools|x86.Build.0 = Debug|Any CPU
		{236BCAC7-A46A-4A40-B27B-BA48A13D8F79}.Release|Any CPU.ActiveCfg = Release|Any CPU
		{236BCAC7-A46A-4A40-B27B-BA48A13D8F79}.Release|Any CPU.Build.0 = Release|Any CPU
		{236BCAC7-A46A-4A40-B27B-BA48A13D8F79}.Release|x64.ActiveCfg = Release|Any CPU
		{236BCAC7-A46A-4A40-B27B-BA48A13D8F79}.Release|x64.Build.0 = Release|Any CPU
		{236BCAC7-A46A-4A40-B27B-BA48A13D8F79}.Release|x86.ActiveCfg = Release|Any CPU
		{236BCAC7-A46A-4A40-B27B-BA48A13D8F79}.Release|x86.Build.0 = Release|Any CPU
		{2DA58625-0190-427D-A84E-3958CADDBA23}.Debug|Any CPU.ActiveCfg = Debug|Any CPU
		{2DA58625-0190-427D-A84E-3958CADDBA23}.Debug|Any CPU.Build.0 = Debug|Any CPU
		{2DA58625-0190-427D-A84E-3958CADDBA23}.Debug|x64.ActiveCfg = Debug|Any CPU
		{2DA58625-0190-427D-A84E-3958CADDBA23}.Debug|x64.Build.0 = Debug|Any CPU
		{2DA58625-0190-427D-A84E-3958CADDBA23}.Debug|x86.ActiveCfg = Debug|Any CPU
		{2DA58625-0190-427D-A84E-3958CADDBA23}.Debug|x86.Build.0 = Debug|Any CPU
		{2DA58625-0190-427D-A84E-3958CADDBA23}.DebugTools|Any CPU.ActiveCfg = Debug|Any CPU
		{2DA58625-0190-427D-A84E-3958CADDBA23}.DebugTools|Any CPU.Build.0 = Debug|Any CPU
		{2DA58625-0190-427D-A84E-3958CADDBA23}.DebugTools|x64.ActiveCfg = Debug|Any CPU
		{2DA58625-0190-427D-A84E-3958CADDBA23}.DebugTools|x64.Build.0 = Debug|Any CPU
		{2DA58625-0190-427D-A84E-3958CADDBA23}.DebugTools|x86.ActiveCfg = Debug|Any CPU
		{2DA58625-0190-427D-A84E-3958CADDBA23}.DebugTools|x86.Build.0 = Debug|Any CPU
		{2DA58625-0190-427D-A84E-3958CADDBA23}.Release|Any CPU.ActiveCfg = Release|Any CPU
		{2DA58625-0190-427D-A84E-3958CADDBA23}.Release|Any CPU.Build.0 = Release|Any CPU
		{2DA58625-0190-427D-A84E-3958CADDBA23}.Release|x64.ActiveCfg = Release|Any CPU
		{2DA58625-0190-427D-A84E-3958CADDBA23}.Release|x64.Build.0 = Release|Any CPU
		{2DA58625-0190-427D-A84E-3958CADDBA23}.Release|x86.ActiveCfg = Release|Any CPU
		{2DA58625-0190-427D-A84E-3958CADDBA23}.Release|x86.Build.0 = Release|Any CPU
		{C2C8D1E3-45BE-40DB-8053-E6A0E8BA66CE}.Debug|Any CPU.ActiveCfg = Debug|Any CPU
		{C2C8D1E3-45BE-40DB-8053-E6A0E8BA66CE}.Debug|Any CPU.Build.0 = Debug|Any CPU
		{C2C8D1E3-45BE-40DB-8053-E6A0E8BA66CE}.Debug|x64.ActiveCfg = Debug|Any CPU
		{C2C8D1E3-45BE-40DB-8053-E6A0E8BA66CE}.Debug|x64.Build.0 = Debug|Any CPU
		{C2C8D1E3-45BE-40DB-8053-E6A0E8BA66CE}.Debug|x86.ActiveCfg = Debug|Any CPU
		{C2C8D1E3-45BE-40DB-8053-E6A0E8BA66CE}.Debug|x86.Build.0 = Debug|Any CPU
		{C2C8D1E3-45BE-40DB-8053-E6A0E8BA66CE}.DebugTools|Any CPU.ActiveCfg = Debug|Any CPU
		{C2C8D1E3-45BE-40DB-8053-E6A0E8BA66CE}.DebugTools|Any CPU.Build.0 = Debug|Any CPU
		{C2C8D1E3-45BE-40DB-8053-E6A0E8BA66CE}.DebugTools|x64.ActiveCfg = Debug|Any CPU
		{C2C8D1E3-45BE-40DB-8053-E6A0E8BA66CE}.DebugTools|x64.Build.0 = Debug|Any CPU
		{C2C8D1E3-45BE-40DB-8053-E6A0E8BA66CE}.DebugTools|x86.ActiveCfg = Debug|Any CPU
		{C2C8D1E3-45BE-40DB-8053-E6A0E8BA66CE}.DebugTools|x86.Build.0 = Debug|Any CPU
		{C2C8D1E3-45BE-40DB-8053-E6A0E8BA66CE}.Release|Any CPU.ActiveCfg = Release|Any CPU
		{C2C8D1E3-45BE-40DB-8053-E6A0E8BA66CE}.Release|Any CPU.Build.0 = Release|Any CPU
		{C2C8D1E3-45BE-40DB-8053-E6A0E8BA66CE}.Release|x64.ActiveCfg = Release|Any CPU
		{C2C8D1E3-45BE-40DB-8053-E6A0E8BA66CE}.Release|x64.Build.0 = Release|Any CPU
		{C2C8D1E3-45BE-40DB-8053-E6A0E8BA66CE}.Release|x86.ActiveCfg = Release|Any CPU
		{C2C8D1E3-45BE-40DB-8053-E6A0E8BA66CE}.Release|x86.Build.0 = Release|Any CPU
		{D046AF4C-5EBE-4322-8ECD-D69848402A29}.Debug|Any CPU.ActiveCfg = Debug|Any CPU
		{D046AF4C-5EBE-4322-8ECD-D69848402A29}.Debug|Any CPU.Build.0 = Debug|Any CPU
		{D046AF4C-5EBE-4322-8ECD-D69848402A29}.Debug|x64.ActiveCfg = Debug|Any CPU
		{D046AF4C-5EBE-4322-8ECD-D69848402A29}.Debug|x64.Build.0 = Debug|Any CPU
		{D046AF4C-5EBE-4322-8ECD-D69848402A29}.Debug|x86.ActiveCfg = Debug|Any CPU
		{D046AF4C-5EBE-4322-8ECD-D69848402A29}.Debug|x86.Build.0 = Debug|Any CPU
		{D046AF4C-5EBE-4322-8ECD-D69848402A29}.DebugTools|Any CPU.ActiveCfg = Debug|Any CPU
		{D046AF4C-5EBE-4322-8ECD-D69848402A29}.DebugTools|Any CPU.Build.0 = Debug|Any CPU
		{D046AF4C-5EBE-4322-8ECD-D69848402A29}.DebugTools|x64.ActiveCfg = Debug|Any CPU
		{D046AF4C-5EBE-4322-8ECD-D69848402A29}.DebugTools|x64.Build.0 = Debug|Any CPU
		{D046AF4C-5EBE-4322-8ECD-D69848402A29}.DebugTools|x86.ActiveCfg = Debug|Any CPU
		{D046AF4C-5EBE-4322-8ECD-D69848402A29}.DebugTools|x86.Build.0 = Debug|Any CPU
		{D046AF4C-5EBE-4322-8ECD-D69848402A29}.Release|Any CPU.ActiveCfg = Release|Any CPU
		{D046AF4C-5EBE-4322-8ECD-D69848402A29}.Release|Any CPU.Build.0 = Release|Any CPU
		{D046AF4C-5EBE-4322-8ECD-D69848402A29}.Release|x64.ActiveCfg = Release|Any CPU
		{D046AF4C-5EBE-4322-8ECD-D69848402A29}.Release|x64.Build.0 = Release|Any CPU
		{D046AF4C-5EBE-4322-8ECD-D69848402A29}.Release|x86.ActiveCfg = Release|Any CPU
		{D046AF4C-5EBE-4322-8ECD-D69848402A29}.Release|x86.Build.0 = Release|Any CPU
		{F2907834-DC05-4960-A3A2-2729AE4DE03B}.Debug|Any CPU.ActiveCfg = Debug|Any CPU
		{F2907834-DC05-4960-A3A2-2729AE4DE03B}.Debug|Any CPU.Build.0 = Debug|Any CPU
		{F2907834-DC05-4960-A3A2-2729AE4DE03B}.Debug|x64.ActiveCfg = Debug|Any CPU
		{F2907834-DC05-4960-A3A2-2729AE4DE03B}.Debug|x64.Build.0 = Debug|Any CPU
		{F2907834-DC05-4960-A3A2-2729AE4DE03B}.Debug|x86.ActiveCfg = Debug|Any CPU
		{F2907834-DC05-4960-A3A2-2729AE4DE03B}.Debug|x86.Build.0 = Debug|Any CPU
		{F2907834-DC05-4960-A3A2-2729AE4DE03B}.DebugTools|Any CPU.ActiveCfg = Debug|Any CPU
		{F2907834-DC05-4960-A3A2-2729AE4DE03B}.DebugTools|Any CPU.Build.0 = Debug|Any CPU
		{F2907834-DC05-4960-A3A2-2729AE4DE03B}.DebugTools|x64.ActiveCfg = Debug|Any CPU
		{F2907834-DC05-4960-A3A2-2729AE4DE03B}.DebugTools|x64.Build.0 = Debug|Any CPU
		{F2907834-DC05-4960-A3A2-2729AE4DE03B}.DebugTools|x86.ActiveCfg = Debug|Any CPU
		{F2907834-DC05-4960-A3A2-2729AE4DE03B}.DebugTools|x86.Build.0 = Debug|Any CPU
		{F2907834-DC05-4960-A3A2-2729AE4DE03B}.Release|Any CPU.ActiveCfg = Release|Any CPU
		{F2907834-DC05-4960-A3A2-2729AE4DE03B}.Release|Any CPU.Build.0 = Release|Any CPU
		{F2907834-DC05-4960-A3A2-2729AE4DE03B}.Release|x64.ActiveCfg = Release|Any CPU
		{F2907834-DC05-4960-A3A2-2729AE4DE03B}.Release|x64.Build.0 = Release|Any CPU
		{F2907834-DC05-4960-A3A2-2729AE4DE03B}.Release|x86.ActiveCfg = Release|Any CPU
		{F2907834-DC05-4960-A3A2-2729AE4DE03B}.Release|x86.Build.0 = Release|Any CPU
		{E3D6494F-E901-427C-95B2-1EF439C22A57}.Debug|Any CPU.ActiveCfg = Debug|Any CPU
		{E3D6494F-E901-427C-95B2-1EF439C22A57}.Debug|Any CPU.Build.0 = Debug|Any CPU
		{E3D6494F-E901-427C-95B2-1EF439C22A57}.Debug|x64.ActiveCfg = Debug|Any CPU
		{E3D6494F-E901-427C-95B2-1EF439C22A57}.Debug|x64.Build.0 = Debug|Any CPU
		{E3D6494F-E901-427C-95B2-1EF439C22A57}.Debug|x86.ActiveCfg = Debug|Any CPU
		{E3D6494F-E901-427C-95B2-1EF439C22A57}.Debug|x86.Build.0 = Debug|Any CPU
		{E3D6494F-E901-427C-95B2-1EF439C22A57}.DebugTools|Any CPU.ActiveCfg = Debug|Any CPU
		{E3D6494F-E901-427C-95B2-1EF439C22A57}.DebugTools|Any CPU.Build.0 = Debug|Any CPU
		{E3D6494F-E901-427C-95B2-1EF439C22A57}.DebugTools|x64.ActiveCfg = Debug|Any CPU
		{E3D6494F-E901-427C-95B2-1EF439C22A57}.DebugTools|x64.Build.0 = Debug|Any CPU
		{E3D6494F-E901-427C-95B2-1EF439C22A57}.DebugTools|x86.ActiveCfg = Debug|Any CPU
		{E3D6494F-E901-427C-95B2-1EF439C22A57}.DebugTools|x86.Build.0 = Debug|Any CPU
		{E3D6494F-E901-427C-95B2-1EF439C22A57}.Release|Any CPU.ActiveCfg = Release|Any CPU
		{E3D6494F-E901-427C-95B2-1EF439C22A57}.Release|Any CPU.Build.0 = Release|Any CPU
		{E3D6494F-E901-427C-95B2-1EF439C22A57}.Release|x64.ActiveCfg = Release|Any CPU
		{E3D6494F-E901-427C-95B2-1EF439C22A57}.Release|x64.Build.0 = Release|Any CPU
		{E3D6494F-E901-427C-95B2-1EF439C22A57}.Release|x86.ActiveCfg = Release|Any CPU
		{E3D6494F-E901-427C-95B2-1EF439C22A57}.Release|x86.Build.0 = Release|Any CPU
		{5A9958DE-1394-4361-BC93-DA2E4053F823}.Debug|Any CPU.ActiveCfg = Debug|Any CPU
		{5A9958DE-1394-4361-BC93-DA2E4053F823}.Debug|Any CPU.Build.0 = Debug|Any CPU
		{5A9958DE-1394-4361-BC93-DA2E4053F823}.Debug|x64.ActiveCfg = Debug|Any CPU
		{5A9958DE-1394-4361-BC93-DA2E4053F823}.Debug|x64.Build.0 = Debug|Any CPU
		{5A9958DE-1394-4361-BC93-DA2E4053F823}.Debug|x86.ActiveCfg = Debug|Any CPU
		{5A9958DE-1394-4361-BC93-DA2E4053F823}.Debug|x86.Build.0 = Debug|Any CPU
		{5A9958DE-1394-4361-BC93-DA2E4053F823}.DebugTools|Any CPU.ActiveCfg = Debug|Any CPU
		{5A9958DE-1394-4361-BC93-DA2E4053F823}.DebugTools|Any CPU.Build.0 = Debug|Any CPU
		{5A9958DE-1394-4361-BC93-DA2E4053F823}.DebugTools|x64.ActiveCfg = Debug|Any CPU
		{5A9958DE-1394-4361-BC93-DA2E4053F823}.DebugTools|x64.Build.0 = Debug|Any CPU
		{5A9958DE-1394-4361-BC93-DA2E4053F823}.DebugTools|x86.ActiveCfg = Debug|Any CPU
		{5A9958DE-1394-4361-BC93-DA2E4053F823}.DebugTools|x86.Build.0 = Debug|Any CPU
		{5A9958DE-1394-4361-BC93-DA2E4053F823}.Release|Any CPU.ActiveCfg = Release|Any CPU
		{5A9958DE-1394-4361-BC93-DA2E4053F823}.Release|Any CPU.Build.0 = Release|Any CPU
		{5A9958DE-1394-4361-BC93-DA2E4053F823}.Release|x64.ActiveCfg = Release|Any CPU
		{5A9958DE-1394-4361-BC93-DA2E4053F823}.Release|x64.Build.0 = Release|Any CPU
		{5A9958DE-1394-4361-BC93-DA2E4053F823}.Release|x86.ActiveCfg = Release|Any CPU
		{5A9958DE-1394-4361-BC93-DA2E4053F823}.Release|x86.Build.0 = Release|Any CPU
		{AE95E065-069F-42DE-B6BC-9EE32354BDC5}.Debug|Any CPU.ActiveCfg = Debug|Any CPU
		{AE95E065-069F-42DE-B6BC-9EE32354BDC5}.Debug|Any CPU.Build.0 = Debug|Any CPU
		{AE95E065-069F-42DE-B6BC-9EE32354BDC5}.Debug|x64.ActiveCfg = Debug|Any CPU
		{AE95E065-069F-42DE-B6BC-9EE32354BDC5}.Debug|x64.Build.0 = Debug|Any CPU
		{AE95E065-069F-42DE-B6BC-9EE32354BDC5}.Debug|x86.ActiveCfg = Debug|Any CPU
		{AE95E065-069F-42DE-B6BC-9EE32354BDC5}.Debug|x86.Build.0 = Debug|Any CPU
		{AE95E065-069F-42DE-B6BC-9EE32354BDC5}.DebugTools|Any CPU.ActiveCfg = Debug|Any CPU
		{AE95E065-069F-42DE-B6BC-9EE32354BDC5}.DebugTools|Any CPU.Build.0 = Debug|Any CPU
		{AE95E065-069F-42DE-B6BC-9EE32354BDC5}.DebugTools|x64.ActiveCfg = Debug|Any CPU
		{AE95E065-069F-42DE-B6BC-9EE32354BDC5}.DebugTools|x64.Build.0 = Debug|Any CPU
		{AE95E065-069F-42DE-B6BC-9EE32354BDC5}.DebugTools|x86.ActiveCfg = Debug|Any CPU
		{AE95E065-069F-42DE-B6BC-9EE32354BDC5}.DebugTools|x86.Build.0 = Debug|Any CPU
		{AE95E065-069F-42DE-B6BC-9EE32354BDC5}.Release|Any CPU.ActiveCfg = Release|Any CPU
		{AE95E065-069F-42DE-B6BC-9EE32354BDC5}.Release|Any CPU.Build.0 = Release|Any CPU
		{AE95E065-069F-42DE-B6BC-9EE32354BDC5}.Release|x64.ActiveCfg = Release|Any CPU
		{AE95E065-069F-42DE-B6BC-9EE32354BDC5}.Release|x64.Build.0 = Release|Any CPU
		{AE95E065-069F-42DE-B6BC-9EE32354BDC5}.Release|x86.ActiveCfg = Release|Any CPU
		{AE95E065-069F-42DE-B6BC-9EE32354BDC5}.Release|x86.Build.0 = Release|Any CPU
		{A05B9CDD-9877-4AEF-A2F2-8D4F828141F6}.Debug|Any CPU.ActiveCfg = Debug|Any CPU
		{A05B9CDD-9877-4AEF-A2F2-8D4F828141F6}.Debug|Any CPU.Build.0 = Debug|Any CPU
		{A05B9CDD-9877-4AEF-A2F2-8D4F828141F6}.Debug|x64.ActiveCfg = Debug|Any CPU
		{A05B9CDD-9877-4AEF-A2F2-8D4F828141F6}.Debug|x64.Build.0 = Debug|Any CPU
		{A05B9CDD-9877-4AEF-A2F2-8D4F828141F6}.Debug|x86.ActiveCfg = Debug|Any CPU
		{A05B9CDD-9877-4AEF-A2F2-8D4F828141F6}.Debug|x86.Build.0 = Debug|Any CPU
		{A05B9CDD-9877-4AEF-A2F2-8D4F828141F6}.DebugTools|Any CPU.ActiveCfg = Debug|Any CPU
		{A05B9CDD-9877-4AEF-A2F2-8D4F828141F6}.DebugTools|Any CPU.Build.0 = Debug|Any CPU
		{A05B9CDD-9877-4AEF-A2F2-8D4F828141F6}.DebugTools|x64.ActiveCfg = Debug|Any CPU
		{A05B9CDD-9877-4AEF-A2F2-8D4F828141F6}.DebugTools|x64.Build.0 = Debug|Any CPU
		{A05B9CDD-9877-4AEF-A2F2-8D4F828141F6}.DebugTools|x86.ActiveCfg = Debug|Any CPU
		{A05B9CDD-9877-4AEF-A2F2-8D4F828141F6}.DebugTools|x86.Build.0 = Debug|Any CPU
		{A05B9CDD-9877-4AEF-A2F2-8D4F828141F6}.Release|Any CPU.ActiveCfg = Release|Any CPU
		{A05B9CDD-9877-4AEF-A2F2-8D4F828141F6}.Release|Any CPU.Build.0 = Release|Any CPU
		{A05B9CDD-9877-4AEF-A2F2-8D4F828141F6}.Release|x64.ActiveCfg = Release|Any CPU
		{A05B9CDD-9877-4AEF-A2F2-8D4F828141F6}.Release|x64.Build.0 = Release|Any CPU
		{A05B9CDD-9877-4AEF-A2F2-8D4F828141F6}.Release|x86.ActiveCfg = Release|Any CPU
		{A05B9CDD-9877-4AEF-A2F2-8D4F828141F6}.Release|x86.Build.0 = Release|Any CPU
		{2E93C4C3-710C-4016-9E10-BBEB8C96F25B}.Debug|Any CPU.ActiveCfg = Debug|Any CPU
		{2E93C4C3-710C-4016-9E10-BBEB8C96F25B}.Debug|Any CPU.Build.0 = Debug|Any CPU
		{2E93C4C3-710C-4016-9E10-BBEB8C96F25B}.Debug|x64.ActiveCfg = Debug|Any CPU
		{2E93C4C3-710C-4016-9E10-BBEB8C96F25B}.Debug|x64.Build.0 = Debug|Any CPU
		{2E93C4C3-710C-4016-9E10-BBEB8C96F25B}.Debug|x86.ActiveCfg = Debug|Any CPU
		{2E93C4C3-710C-4016-9E10-BBEB8C96F25B}.Debug|x86.Build.0 = Debug|Any CPU
		{2E93C4C3-710C-4016-9E10-BBEB8C96F25B}.DebugTools|Any CPU.ActiveCfg = Debug|Any CPU
		{2E93C4C3-710C-4016-9E10-BBEB8C96F25B}.DebugTools|Any CPU.Build.0 = Debug|Any CPU
		{2E93C4C3-710C-4016-9E10-BBEB8C96F25B}.DebugTools|x64.ActiveCfg = Debug|Any CPU
		{2E93C4C3-710C-4016-9E10-BBEB8C96F25B}.DebugTools|x64.Build.0 = Debug|Any CPU
		{2E93C4C3-710C-4016-9E10-BBEB8C96F25B}.DebugTools|x86.ActiveCfg = Debug|Any CPU
		{2E93C4C3-710C-4016-9E10-BBEB8C96F25B}.DebugTools|x86.Build.0 = Debug|Any CPU
		{2E93C4C3-710C-4016-9E10-BBEB8C96F25B}.Release|Any CPU.ActiveCfg = Release|Any CPU
		{2E93C4C3-710C-4016-9E10-BBEB8C96F25B}.Release|Any CPU.Build.0 = Release|Any CPU
		{2E93C4C3-710C-4016-9E10-BBEB8C96F25B}.Release|x64.ActiveCfg = Release|Any CPU
		{2E93C4C3-710C-4016-9E10-BBEB8C96F25B}.Release|x64.Build.0 = Release|Any CPU
		{2E93C4C3-710C-4016-9E10-BBEB8C96F25B}.Release|x86.ActiveCfg = Release|Any CPU
		{2E93C4C3-710C-4016-9E10-BBEB8C96F25B}.Release|x86.Build.0 = Release|Any CPU
		{67EFB476-E563-47CB-BE15-F8882C9108CF}.Debug|Any CPU.ActiveCfg = Debug|Any CPU
		{67EFB476-E563-47CB-BE15-F8882C9108CF}.Debug|Any CPU.Build.0 = Debug|Any CPU
		{67EFB476-E563-47CB-BE15-F8882C9108CF}.Debug|x64.ActiveCfg = Debug|Any CPU
		{67EFB476-E563-47CB-BE15-F8882C9108CF}.Debug|x64.Build.0 = Debug|Any CPU
		{67EFB476-E563-47CB-BE15-F8882C9108CF}.Debug|x86.ActiveCfg = Debug|Any CPU
		{67EFB476-E563-47CB-BE15-F8882C9108CF}.Debug|x86.Build.0 = Debug|Any CPU
		{67EFB476-E563-47CB-BE15-F8882C9108CF}.DebugTools|Any CPU.ActiveCfg = Debug|Any CPU
		{67EFB476-E563-47CB-BE15-F8882C9108CF}.DebugTools|Any CPU.Build.0 = Debug|Any CPU
		{67EFB476-E563-47CB-BE15-F8882C9108CF}.DebugTools|x64.ActiveCfg = Debug|Any CPU
		{67EFB476-E563-47CB-BE15-F8882C9108CF}.DebugTools|x64.Build.0 = Debug|Any CPU
		{67EFB476-E563-47CB-BE15-F8882C9108CF}.DebugTools|x86.ActiveCfg = Debug|Any CPU
		{67EFB476-E563-47CB-BE15-F8882C9108CF}.DebugTools|x86.Build.0 = Debug|Any CPU
		{67EFB476-E563-47CB-BE15-F8882C9108CF}.Release|Any CPU.ActiveCfg = Release|Any CPU
		{67EFB476-E563-47CB-BE15-F8882C9108CF}.Release|Any CPU.Build.0 = Release|Any CPU
		{67EFB476-E563-47CB-BE15-F8882C9108CF}.Release|x64.ActiveCfg = Release|Any CPU
		{67EFB476-E563-47CB-BE15-F8882C9108CF}.Release|x64.Build.0 = Release|Any CPU
		{67EFB476-E563-47CB-BE15-F8882C9108CF}.Release|x86.ActiveCfg = Release|Any CPU
		{67EFB476-E563-47CB-BE15-F8882C9108CF}.Release|x86.Build.0 = Release|Any CPU
		{1F888EA1-867E-42C4-BE8C-6ABFCB32DC56}.Debug|Any CPU.ActiveCfg = Debug|Any CPU
		{1F888EA1-867E-42C4-BE8C-6ABFCB32DC56}.Debug|Any CPU.Build.0 = Debug|Any CPU
		{1F888EA1-867E-42C4-BE8C-6ABFCB32DC56}.Debug|x64.ActiveCfg = Debug|Any CPU
		{1F888EA1-867E-42C4-BE8C-6ABFCB32DC56}.Debug|x64.Build.0 = Debug|Any CPU
		{1F888EA1-867E-42C4-BE8C-6ABFCB32DC56}.Debug|x86.ActiveCfg = Debug|Any CPU
		{1F888EA1-867E-42C4-BE8C-6ABFCB32DC56}.Debug|x86.Build.0 = Debug|Any CPU
		{1F888EA1-867E-42C4-BE8C-6ABFCB32DC56}.DebugTools|Any CPU.ActiveCfg = Debug|Any CPU
		{1F888EA1-867E-42C4-BE8C-6ABFCB32DC56}.DebugTools|Any CPU.Build.0 = Debug|Any CPU
		{1F888EA1-867E-42C4-BE8C-6ABFCB32DC56}.DebugTools|x64.ActiveCfg = Debug|Any CPU
		{1F888EA1-867E-42C4-BE8C-6ABFCB32DC56}.DebugTools|x64.Build.0 = Debug|Any CPU
		{1F888EA1-867E-42C4-BE8C-6ABFCB32DC56}.DebugTools|x86.ActiveCfg = Debug|Any CPU
		{1F888EA1-867E-42C4-BE8C-6ABFCB32DC56}.DebugTools|x86.Build.0 = Debug|Any CPU
		{1F888EA1-867E-42C4-BE8C-6ABFCB32DC56}.Release|Any CPU.ActiveCfg = Release|Any CPU
		{1F888EA1-867E-42C4-BE8C-6ABFCB32DC56}.Release|Any CPU.Build.0 = Release|Any CPU
		{1F888EA1-867E-42C4-BE8C-6ABFCB32DC56}.Release|x64.ActiveCfg = Release|Any CPU
		{1F888EA1-867E-42C4-BE8C-6ABFCB32DC56}.Release|x64.Build.0 = Release|Any CPU
		{1F888EA1-867E-42C4-BE8C-6ABFCB32DC56}.Release|x86.ActiveCfg = Release|Any CPU
		{1F888EA1-867E-42C4-BE8C-6ABFCB32DC56}.Release|x86.Build.0 = Release|Any CPU
		{5A62E683-64B3-46F0-8857-E60276123698}.Debug|Any CPU.ActiveCfg = Debug|Any CPU
		{5A62E683-64B3-46F0-8857-E60276123698}.Debug|Any CPU.Build.0 = Debug|Any CPU
		{5A62E683-64B3-46F0-8857-E60276123698}.Debug|x64.ActiveCfg = Debug|Any CPU
		{5A62E683-64B3-46F0-8857-E60276123698}.Debug|x64.Build.0 = Debug|Any CPU
		{5A62E683-64B3-46F0-8857-E60276123698}.Debug|x86.ActiveCfg = Debug|Any CPU
		{5A62E683-64B3-46F0-8857-E60276123698}.Debug|x86.Build.0 = Debug|Any CPU
		{5A62E683-64B3-46F0-8857-E60276123698}.DebugTools|Any CPU.ActiveCfg = Debug|Any CPU
		{5A62E683-64B3-46F0-8857-E60276123698}.DebugTools|Any CPU.Build.0 = Debug|Any CPU
		{5A62E683-64B3-46F0-8857-E60276123698}.DebugTools|x64.ActiveCfg = Debug|Any CPU
		{5A62E683-64B3-46F0-8857-E60276123698}.DebugTools|x64.Build.0 = Debug|Any CPU
		{5A62E683-64B3-46F0-8857-E60276123698}.DebugTools|x86.ActiveCfg = Debug|Any CPU
		{5A62E683-64B3-46F0-8857-E60276123698}.DebugTools|x86.Build.0 = Debug|Any CPU
		{5A62E683-64B3-46F0-8857-E60276123698}.Release|Any CPU.ActiveCfg = Release|Any CPU
		{5A62E683-64B3-46F0-8857-E60276123698}.Release|Any CPU.Build.0 = Release|Any CPU
		{5A62E683-64B3-46F0-8857-E60276123698}.Release|x64.ActiveCfg = Release|Any CPU
		{5A62E683-64B3-46F0-8857-E60276123698}.Release|x64.Build.0 = Release|Any CPU
		{5A62E683-64B3-46F0-8857-E60276123698}.Release|x86.ActiveCfg = Release|Any CPU
		{5A62E683-64B3-46F0-8857-E60276123698}.Release|x86.Build.0 = Release|Any CPU
		{864E9A11-12EB-4BB0-BE08-5FCB68F8CC00}.Debug|Any CPU.ActiveCfg = Debug|Any CPU
		{864E9A11-12EB-4BB0-BE08-5FCB68F8CC00}.Debug|Any CPU.Build.0 = Debug|Any CPU
		{864E9A11-12EB-4BB0-BE08-5FCB68F8CC00}.Debug|x64.ActiveCfg = Debug|Any CPU
		{864E9A11-12EB-4BB0-BE08-5FCB68F8CC00}.Debug|x64.Build.0 = Debug|Any CPU
		{864E9A11-12EB-4BB0-BE08-5FCB68F8CC00}.Debug|x86.ActiveCfg = Debug|Any CPU
		{864E9A11-12EB-4BB0-BE08-5FCB68F8CC00}.Debug|x86.Build.0 = Debug|Any CPU
		{864E9A11-12EB-4BB0-BE08-5FCB68F8CC00}.DebugTools|Any CPU.ActiveCfg = Debug|Any CPU
		{864E9A11-12EB-4BB0-BE08-5FCB68F8CC00}.DebugTools|Any CPU.Build.0 = Debug|Any CPU
		{864E9A11-12EB-4BB0-BE08-5FCB68F8CC00}.DebugTools|x64.ActiveCfg = Debug|Any CPU
		{864E9A11-12EB-4BB0-BE08-5FCB68F8CC00}.DebugTools|x64.Build.0 = Debug|Any CPU
		{864E9A11-12EB-4BB0-BE08-5FCB68F8CC00}.DebugTools|x86.ActiveCfg = Debug|Any CPU
		{864E9A11-12EB-4BB0-BE08-5FCB68F8CC00}.DebugTools|x86.Build.0 = Debug|Any CPU
		{864E9A11-12EB-4BB0-BE08-5FCB68F8CC00}.Release|Any CPU.ActiveCfg = Release|Any CPU
		{864E9A11-12EB-4BB0-BE08-5FCB68F8CC00}.Release|Any CPU.Build.0 = Release|Any CPU
		{864E9A11-12EB-4BB0-BE08-5FCB68F8CC00}.Release|x64.ActiveCfg = Release|Any CPU
		{864E9A11-12EB-4BB0-BE08-5FCB68F8CC00}.Release|x64.Build.0 = Release|Any CPU
		{864E9A11-12EB-4BB0-BE08-5FCB68F8CC00}.Release|x86.ActiveCfg = Release|Any CPU
		{864E9A11-12EB-4BB0-BE08-5FCB68F8CC00}.Release|x86.Build.0 = Release|Any CPU
	EndGlobalSection
	GlobalSection(SolutionProperties) = preSolution
		HideSolutionNode = FALSE
	EndGlobalSection
	GlobalSection(NestedProjects) = preSolution
		{5ABA6C6E-8A75-4A08-8F2F-FE5EC5DEF04B} = {162E7A87-4FF9-4692-A963-EEF8AD259CF7}
		{168A0089-AE82-4F8D-A124-DC31ED6561D0} = {4FB7CC46-2521-4E3A-A968-EA7E685BA3A3}
		{4B6B6B09-AF21-4746-B3D9-4FF3921BD9A0} = {4FB7CC46-2521-4E3A-A968-EA7E685BA3A3}
		{1D29338A-E798-4B18-8B28-5A8999AA2BC0} = {4FB7CC46-2521-4E3A-A968-EA7E685BA3A3}
		{036553C0-ED83-449F-9F02-C8283AE35966} = {1808887E-7571-4676-A658-73124B206D83}
		{5374C9BC-0B4B-40D3-AD2C-B2590C5F18A7} = {1808887E-7571-4676-A658-73124B206D83}
		{4A4C9FD7-4B81-4C29-B324-F7331FBC4A99} = {1808887E-7571-4676-A658-73124B206D83}
		{1C9F57BF-DB07-442F-BD13-6624DDECA9BE} = {1808887E-7571-4676-A658-73124B206D83}
		{B276F8B8-0D27-4637-80B8-4F1AAA7CF5BD} = {1808887E-7571-4676-A658-73124B206D83}
		{7EBB54A0-69CB-49FC-A340-8527502F9C67} = {1808887E-7571-4676-A658-73124B206D83}
		{236BCAC7-A46A-4A40-B27B-BA48A13D8F79} = {1808887E-7571-4676-A658-73124B206D83}
		{2DA58625-0190-427D-A84E-3958CADDBA23} = {1808887E-7571-4676-A658-73124B206D83}
		{C2C8D1E3-45BE-40DB-8053-E6A0E8BA66CE} = {1808887E-7571-4676-A658-73124B206D83}
		{D046AF4C-5EBE-4322-8ECD-D69848402A29} = {1808887E-7571-4676-A658-73124B206D83}
		{F2907834-DC05-4960-A3A2-2729AE4DE03B} = {1808887E-7571-4676-A658-73124B206D83}
		{E3D6494F-E901-427C-95B2-1EF439C22A57} = {4FB7CC46-2521-4E3A-A968-EA7E685BA3A3}
		{AE95E065-069F-42DE-B6BC-9EE32354BDC5} = {1808887E-7571-4676-A658-73124B206D83}
		{A05B9CDD-9877-4AEF-A2F2-8D4F828141F6} = {1808887E-7571-4676-A658-73124B206D83}
		{2E93C4C3-710C-4016-9E10-BBEB8C96F25B} = {4FB7CC46-2521-4E3A-A968-EA7E685BA3A3}
		{67EFB476-E563-47CB-BE15-F8882C9108CF} = {1808887E-7571-4676-A658-73124B206D83}
		{1F888EA1-867E-42C4-BE8C-6ABFCB32DC56} = {1808887E-7571-4676-A658-73124B206D83}
		{5A62E683-64B3-46F0-8857-E60276123698} = {4FB7CC46-2521-4E3A-A968-EA7E685BA3A3}
		{864E9A11-12EB-4BB0-BE08-5FCB68F8CC00} = {1808887E-7571-4676-A658-73124B206D83}
	EndGlobalSection
EndGlobal
